// !$*UTF8*$!
{
	archiveVersion = 1;
	classes = {
	};
	objectVersion = 42;
	objects = {

/* Begin PBXBuildFile section */
		002F39FA09D0881F00EBEB88 /* SDL.framework in Frameworks */ = {isa = PBXBuildFile; fileRef = 002F39F909D0881F00EBEB88 /* SDL.framework */; };
		002F3A0009D0884600EBEB88 /* SDL.framework in Copy Frameworks into .app bundle */ = {isa = PBXBuildFile; fileRef = 002F39F909D0881F00EBEB88 /* SDL.framework */; };
		002F3A2E09D0888800EBEB88 /* SDLMain.m in Sources */ = {isa = PBXBuildFile; fileRef = 002F3A2C09D0888800EBEB88 /* SDLMain.m */; };
		002F3C0109D093BD00EBEB88 /* OpenGL.framework in Frameworks */ = {isa = PBXBuildFile; fileRef = 002F3C0009D093BD00EBEB88 /* OpenGL.framework */; };
		002F3C6109D0951E00EBEB88 /* GLUT.framework in Frameworks */ = {isa = PBXBuildFile; fileRef = 002F3C6009D0951E00EBEB88 /* GLUT.framework */; };
		8D11072B0486CEB800E47090 /* InfoPlist.strings in Resources */ = {isa = PBXBuildFile; fileRef = 089C165CFE840E0CC02AAC07 /* InfoPlist.strings */; };
		8D11072F0486CEB800E47090 /* Cocoa.framework in Frameworks */ = {isa = PBXBuildFile; fileRef = 1058C7A1FEA54F0111CA2CBB /* Cocoa.framework */; };
		D52D9FDD0B86697E0011E248 /* PointsView.cpp in Sources */ = {isa = PBXBuildFile; fileRef = D52D9FDB0B86697E0011E248 /* PointsView.cpp */; };
		D52D9FDE0B86697E0011E248 /* PointsView.h in Copy Frameworks into .app bundle */ = {isa = PBXBuildFile; fileRef = D52D9FDC0B86697E0011E248 /* PointsView.h */; };
		D542DF510CB41AE000AABC11 /* AutoreleasePool.cpp in Sources */ = {isa = PBXBuildFile; fileRef = D542DF4C0CB41AE000AABC11 /* AutoreleasePool.cpp */; };
		D542DF520CB41AE000AABC11 /* AutoreleasePool.hpp in Copy Frameworks into .app bundle */ = {isa = PBXBuildFile; fileRef = D542DF4D0CB41AE000AABC11 /* AutoreleasePool.hpp */; };
		D542DF530CB41AE000AABC11 /* Core.h in Copy Frameworks into .app bundle */ = {isa = PBXBuildFile; fileRef = D542DF4E0CB41AE000AABC11 /* Core.h */; };
		D542DF540CB41AE000AABC11 /* SharedObject.cpp in Sources */ = {isa = PBXBuildFile; fileRef = D542DF4F0CB41AE000AABC11 /* SharedObject.cpp */; };
		D542DF550CB41AE000AABC11 /* SharedObject.hpp in Copy Frameworks into .app bundle */ = {isa = PBXBuildFile; fileRef = D542DF500CB41AE000AABC11 /* SharedObject.hpp */; };
		D542DF700CB41AF500AABC11 /* Circle.cpp in Sources */ = {isa = PBXBuildFile; fileRef = D542DF560CB41AF500AABC11 /* Circle.cpp */; };
		D542DF710CB41AF500AABC11 /* Circle.hpp in Copy Frameworks into .app bundle */ = {isa = PBXBuildFile; fileRef = D542DF570CB41AF500AABC11 /* Circle.hpp */; };
		D542DF740CB41AF500AABC11 /* IO.cpp in Sources */ = {isa = PBXBuildFile; fileRef = D542DF5A0CB41AF500AABC11 /* IO.cpp */; };
		D542DF750CB41AF500AABC11 /* IO.hpp in Copy Frameworks into .app bundle */ = {isa = PBXBuildFile; fileRef = D542DF5B0CB41AF500AABC11 /* IO.hpp */; };
		D542DF760CB41AF500AABC11 /* Matrix2.cpp in Sources */ = {isa = PBXBuildFile; fileRef = D542DF5C0CB41AF500AABC11 /* Matrix2.cpp */; };
		D542DF770CB41AF500AABC11 /* Matrix2.hpp in Copy Frameworks into .app bundle */ = {isa = PBXBuildFile; fileRef = D542DF5D0CB41AF500AABC11 /* Matrix2.hpp */; };
		D542DF7A0CB41AF500AABC11 /* QuadNode.cpp in Sources */ = {isa = PBXBuildFile; fileRef = D542DF600CB41AF500AABC11 /* QuadNode.cpp */; };
		D542DF7B0CB41AF500AABC11 /* QuadNode.h in Copy Frameworks into .app bundle */ = {isa = PBXBuildFile; fileRef = D542DF610CB41AF500AABC11 /* QuadNode.h */; };
		D542DF7C0CB41AF500AABC11 /* Ray2.cpp in Sources */ = {isa = PBXBuildFile; fileRef = D542DF620CB41AF500AABC11 /* Ray2.cpp */; };
		D542DF7D0CB41AF500AABC11 /* Ray2.hpp in Copy Frameworks into .app bundle */ = {isa = PBXBuildFile; fileRef = D542DF630CB41AF500AABC11 /* Ray2.hpp */; };
		D542DF7E0CB41AF500AABC11 /* Rect2.cpp in Sources */ = {isa = PBXBuildFile; fileRef = D542DF640CB41AF500AABC11 /* Rect2.cpp */; };
		D542DF7F0CB41AF500AABC11 /* Rect2.hpp in Copy Frameworks into .app bundle */ = {isa = PBXBuildFile; fileRef = D542DF650CB41AF500AABC11 /* Rect2.hpp */; };
		D542DF800CB41AF500AABC11 /* Segment2.cpp in Sources */ = {isa = PBXBuildFile; fileRef = D542DF660CB41AF500AABC11 /* Segment2.cpp */; };
		D542DF810CB41AF500AABC11 /* Segment2.hpp in Copy Frameworks into .app bundle */ = {isa = PBXBuildFile; fileRef = D542DF670CB41AF500AABC11 /* Segment2.hpp */; };
		D542DF820CB41AF500AABC11 /* Trapezoid2.cpp in Sources */ = {isa = PBXBuildFile; fileRef = D542DF680CB41AF500AABC11 /* Trapezoid2.cpp */; };
		D542DF830CB41AF500AABC11 /* Trapezoid2.hpp in Copy Frameworks into .app bundle */ = {isa = PBXBuildFile; fileRef = D542DF690CB41AF500AABC11 /* Trapezoid2.hpp */; };
		D542DF840CB41AF500AABC11 /* TrapezoidalMap2.cpp in Sources */ = {isa = PBXBuildFile; fileRef = D542DF6A0CB41AF500AABC11 /* TrapezoidalMap2.cpp */; };
		D542DF850CB41AF500AABC11 /* TrapezoidalMap2.hpp in Copy Frameworks into .app bundle */ = {isa = PBXBuildFile; fileRef = D542DF6B0CB41AF500AABC11 /* TrapezoidalMap2.hpp */; };
		D542DF860CB41AF500AABC11 /* TrapezoidNode2.cpp in Sources */ = {isa = PBXBuildFile; fileRef = D542DF6C0CB41AF500AABC11 /* TrapezoidNode2.cpp */; };
		D542DF870CB41AF500AABC11 /* TrapezoidNode2.hpp in Copy Frameworks into .app bundle */ = {isa = PBXBuildFile; fileRef = D542DF6D0CB41AF500AABC11 /* TrapezoidNode2.hpp */; };
		D542DF880CB41AF500AABC11 /* Vector2.cpp in Sources */ = {isa = PBXBuildFile; fileRef = D542DF6E0CB41AF500AABC11 /* Vector2.cpp */; };
		D542DF890CB41AF500AABC11 /* Vector2.hpp in Copy Frameworks into .app bundle */ = {isa = PBXBuildFile; fileRef = D542DF6F0CB41AF500AABC11 /* Vector2.hpp */; };
		D546184B0CC541E300505BE3 /* LuaShape.cpp in Sources */ = {isa = PBXBuildFile; fileRef = D54618490CC541E300505BE3 /* LuaShape.cpp */; };
		D546184C0CC541E300505BE3 /* LuaShape.h in Copy Frameworks into .app bundle */ = {isa = PBXBuildFile; fileRef = D546184A0CC541E300505BE3 /* LuaShape.h */; };
		D5478B160B80A57900108909 /* TrapezoidView.cpp in Sources */ = {isa = PBXBuildFile; fileRef = D5478B140B80A57900108909 /* TrapezoidView.cpp */; };
		D5478B170B80A57900108909 /* TrapezoidView.h in Copy Frameworks into .app bundle */ = {isa = PBXBuildFile; fileRef = D5478B150B80A57900108909 /* TrapezoidView.h */; };
		D55AC3500CE640DA00983871 /* ShapeTests.cpp in Sources */ = {isa = PBXBuildFile; fileRef = D55AC34F0CE640DA00983871 /* ShapeTests.cpp */; };
		D55AC3600CE6428A00983871 /* GLUtils.cpp in Sources */ = {isa = PBXBuildFile; fileRef = D55AC35F0CE6428A00983871 /* GLUtils.cpp */; };
		D55AC3940CE644CF00983871 /* CircleShape.cpp in Sources */ = {isa = PBXBuildFile; fileRef = D5E5478A0CBC367500D16BE5 /* CircleShape.cpp */; };
		D55AC3950CE644CF00983871 /* RectShape2.cpp in Sources */ = {isa = PBXBuildFile; fileRef = D5E5478C0CBC367500D16BE5 /* RectShape2.cpp */; };
		D55AC3960CE644CF00983871 /* SegmentShape2.cpp in Sources */ = {isa = PBXBuildFile; fileRef = D5E5478E0CBC367500D16BE5 /* SegmentShape2.cpp */; };
		D55AC3A70CE646A400983871 /* Shape.cpp in Sources */ = {isa = PBXBuildFile; fileRef = D5DC3D3D0BDF808800430EFB /* Shape.cpp */; };
		D55AC3A90CE646C100983871 /* PolygonUtils.cpp in Sources */ = {isa = PBXBuildFile; fileRef = D5E7BA3F0B715761002E3AE8 /* PolygonUtils.cpp */; };
		D56E8EC90CDC69EC00260EC2 /* Iterator.cpp in Sources */ = {isa = PBXBuildFile; fileRef = D56E8EC70CDC69EC00260EC2 /* Iterator.cpp */; };
		D56E8ECA0CDC69EC00260EC2 /* Iterator.h in Copy Frameworks into .app bundle */ = {isa = PBXBuildFile; fileRef = D56E8EC80CDC69EC00260EC2 /* Iterator.h */; };
		D56E8F5A0B7E08A800ABD8A3 /* SegmentView.cpp in Sources */ = {isa = PBXBuildFile; fileRef = D56E8F580B7E08A800ABD8A3 /* SegmentView.cpp */; };
		D56E8F5B0B7E08A800ABD8A3 /* SegmentView.h in Copy Frameworks into .app bundle */ = {isa = PBXBuildFile; fileRef = D56E8F590B7E08A800ABD8A3 /* SegmentView.h */; };
		D5850A0B0D10978F0058EFF1 /* ShapeListener.cpp in Sources */ = {isa = PBXBuildFile; fileRef = D5850A0A0D10978F0058EFF1 /* ShapeListener.cpp */; };
		D58B9F2C0B380C9B00B3EE64 /* main.cpp in Sources */ = {isa = PBXBuildFile; fileRef = D58B9F2A0B380C9B00B3EE64 /* main.cpp */; };
		D58B9F310B380CF500B3EE64 /* Engine.h in Copy Frameworks into .app bundle */ = {isa = PBXBuildFile; fileRef = D58B9F2F0B380CF500B3EE64 /* Engine.h */; };
		D58B9F320B380CF500B3EE64 /* Engine.cpp in Sources */ = {isa = PBXBuildFile; fileRef = D58B9F300B380CF500B3EE64 /* Engine.cpp */; };
		D58EC2120BB9D57A00E85BAD /* MotionState.cpp in Sources */ = {isa = PBXBuildFile; fileRef = D58EC2100BB9D57A00E85BAD /* MotionState.cpp */; };
		D58EC2130BB9D57A00E85BAD /* MotionState.h in Copy Frameworks into .app bundle */ = {isa = PBXBuildFile; fileRef = D58EC2110BB9D57A00E85BAD /* MotionState.h */; };
		D593A27B0CA8546D00432061 /* LuaCircle.h in Copy Frameworks into .app bundle */ = {isa = PBXBuildFile; fileRef = D593A2790CA8546D00432061 /* LuaCircle.h */; };
		D593A27D0CA854BC00432061 /* LuaCircle.cpp in Sources */ = {isa = PBXBuildFile; fileRef = D593A2780CA8546D00432061 /* LuaCircle.cpp */; };
		D5A60D8C0D1B09AF00C4E79E /* ShapeListener.cpp in Sources */ = {isa = PBXBuildFile; fileRef = D5850A0A0D10978F0058EFF1 /* ShapeListener.cpp */; };
		D5BD17930BBD62C700BA3313 /* LuaEngine.cpp in Sources */ = {isa = PBXBuildFile; fileRef = D5BD178F0BBD62C700BA3313 /* LuaEngine.cpp */; };
		D5BD17940BBD62C700BA3313 /* LuaEngine.h in Copy Frameworks into .app bundle */ = {isa = PBXBuildFile; fileRef = D5BD17900BBD62C700BA3313 /* LuaEngine.h */; };
		D5BD17950BBD62C700BA3313 /* LuaUtils.cpp in Sources */ = {isa = PBXBuildFile; fileRef = D5BD17910BBD62C700BA3313 /* LuaUtils.cpp */; };
		D5BD17960BBD62C700BA3313 /* LuaUtils.h in Copy Frameworks into .app bundle */ = {isa = PBXBuildFile; fileRef = D5BD17920BBD62C700BA3313 /* LuaUtils.h */; };
		D5BD17A00BBD62D300BA3313 /* LuaSprite.cpp in Sources */ = {isa = PBXBuildFile; fileRef = D5BD179A0BBD62D300BA3313 /* LuaSprite.cpp */; };
		D5BD17A10BBD62D300BA3313 /* LuaSprite.h in Copy Frameworks into .app bundle */ = {isa = PBXBuildFile; fileRef = D5BD179B0BBD62D300BA3313 /* LuaSprite.h */; };
		D5BD17A20BBD62D300BA3313 /* LuaView.cpp in Sources */ = {isa = PBXBuildFile; fileRef = D5BD179C0BBD62D300BA3313 /* LuaView.cpp */; };
		D5BD17A30BBD62D300BA3313 /* LuaView.h in Copy Frameworks into .app bundle */ = {isa = PBXBuildFile; fileRef = D5BD179D0BBD62D300BA3313 /* LuaView.h */; };
		D5BD17C20BBD62E500BA3313 /* LuaGraph2.h in Copy Frameworks into .app bundle */ = {isa = PBXBuildFile; fileRef = D5BD17AA0BBD62E500BA3313 /* LuaGraph2.h */; };
		D5BD17C30BBD62E500BA3313 /* LuaMotionState.cpp in Sources */ = {isa = PBXBuildFile; fileRef = D5BD17AB0BBD62E500BA3313 /* LuaMotionState.cpp */; };
		D5BD17C40BBD62E500BA3313 /* LuaMotionState.h in Copy Frameworks into .app bundle */ = {isa = PBXBuildFile; fileRef = D5BD17AC0BBD62E500BA3313 /* LuaMotionState.h */; };
		D5BD17C50BBD62E500BA3313 /* LuaPaths2.cpp in Sources */ = {isa = PBXBuildFile; fileRef = D5BD17AD0BBD62E500BA3313 /* LuaPaths2.cpp */; };
		D5BD17C60BBD62E500BA3313 /* LuaPaths2.h in Copy Frameworks into .app bundle */ = {isa = PBXBuildFile; fileRef = D5BD17AE0BBD62E500BA3313 /* LuaPaths2.h */; };
		D5BD17C70BBD62E500BA3313 /* LuaRay2.cpp in Sources */ = {isa = PBXBuildFile; fileRef = D5BD17AF0BBD62E500BA3313 /* LuaRay2.cpp */; };
		D5BD17C80BBD62E500BA3313 /* LuaRay2.h in Copy Frameworks into .app bundle */ = {isa = PBXBuildFile; fileRef = D5BD17B00BBD62E500BA3313 /* LuaRay2.h */; };
		D5BD17C90BBD62E500BA3313 /* LuaRect2.cpp in Sources */ = {isa = PBXBuildFile; fileRef = D5BD17B10BBD62E500BA3313 /* LuaRect2.cpp */; };
		D5BD17CA0BBD62E500BA3313 /* LuaRect2.h in Copy Frameworks into .app bundle */ = {isa = PBXBuildFile; fileRef = D5BD17B20BBD62E500BA3313 /* LuaRect2.h */; };
		D5BD17CB0BBD62E500BA3313 /* LuaSegment2.cpp in Sources */ = {isa = PBXBuildFile; fileRef = D5BD17B30BBD62E500BA3313 /* LuaSegment2.cpp */; };
		D5BD17CC0BBD62E500BA3313 /* LuaSegment2.h in Copy Frameworks into .app bundle */ = {isa = PBXBuildFile; fileRef = D5BD17B40BBD62E500BA3313 /* LuaSegment2.h */; };
		D5BD17CD0BBD62E500BA3313 /* LuaTrapezoid2.cpp in Sources */ = {isa = PBXBuildFile; fileRef = D5BD17B50BBD62E500BA3313 /* LuaTrapezoid2.cpp */; };
		D5BD17CE0BBD62E500BA3313 /* LuaTrapezoid2.h in Copy Frameworks into .app bundle */ = {isa = PBXBuildFile; fileRef = D5BD17B60BBD62E500BA3313 /* LuaTrapezoid2.h */; };
		D5BD17CF0BBD62E500BA3313 /* LuaTrapezoidalMap.cpp in Sources */ = {isa = PBXBuildFile; fileRef = D5BD17B70BBD62E500BA3313 /* LuaTrapezoidalMap.cpp */; };
		D5BD17D00BBD62E500BA3313 /* LuaTrapezoidalMap.h in Copy Frameworks into .app bundle */ = {isa = PBXBuildFile; fileRef = D5BD17B80BBD62E500BA3313 /* LuaTrapezoidalMap.h */; };
		D5BD17D10BBD62E500BA3313 /* LuaTrapezoidNode2.cpp in Sources */ = {isa = PBXBuildFile; fileRef = D5BD17B90BBD62E500BA3313 /* LuaTrapezoidNode2.cpp */; };
		D5BD17D20BBD62E500BA3313 /* LuaTrapezoidNode2.h in Copy Frameworks into .app bundle */ = {isa = PBXBuildFile; fileRef = D5BD17BA0BBD62E500BA3313 /* LuaTrapezoidNode2.h */; };
		D5BD17D30BBD62E500BA3313 /* LuaVector2.cpp in Sources */ = {isa = PBXBuildFile; fileRef = D5BD17BB0BBD62E500BA3313 /* LuaVector2.cpp */; };
		D5BD17D40BBD62E500BA3313 /* LuaVector2.h in Copy Frameworks into .app bundle */ = {isa = PBXBuildFile; fileRef = D5BD17BC0BBD62E500BA3313 /* LuaVector2.h */; };
		D5BD17E20BBD64F500BA3313 /* LuaMatrix2.cpp in Sources */ = {isa = PBXBuildFile; fileRef = D5BD17E00BBD64F500BA3313 /* LuaMatrix2.cpp */; };
		D5BD17E30BBD64F500BA3313 /* LuaMatrix2.h in Copy Frameworks into .app bundle */ = {isa = PBXBuildFile; fileRef = D5BD17E10BBD64F500BA3313 /* LuaMatrix2.h */; };
		D5C18F280B4B611A0079286F /* liblua.a in Frameworks */ = {isa = PBXBuildFile; fileRef = D5C18F270B4B611A0079286F /* liblua.a */; };
		D5C410240B4DECAB00735BD0 /* libCGAL.a in Frameworks */ = {isa = PBXBuildFile; fileRef = D5C410230B4DECAB00735BD0 /* libCGAL.a */; };
		D5CA4D900CB43125006261D6 /* Circle.cpp in Sources */ = {isa = PBXBuildFile; fileRef = D542DF560CB41AF500AABC11 /* Circle.cpp */; };
		D5CA4D940CB43125006261D6 /* IO.cpp in Sources */ = {isa = PBXBuildFile; fileRef = D542DF5A0CB41AF500AABC11 /* IO.cpp */; };
		D5CA4D960CB43125006261D6 /* Matrix2.cpp in Sources */ = {isa = PBXBuildFile; fileRef = D542DF5C0CB41AF500AABC11 /* Matrix2.cpp */; };
		D5CA4D980CB43125006261D6 /* QuadNode.cpp in Sources */ = {isa = PBXBuildFile; fileRef = D542DF600CB41AF500AABC11 /* QuadNode.cpp */; };
		D5CA4D9A0CB43125006261D6 /* Ray2.cpp in Sources */ = {isa = PBXBuildFile; fileRef = D542DF620CB41AF500AABC11 /* Ray2.cpp */; };
		D5CA4D9C0CB43125006261D6 /* Rect2.cpp in Sources */ = {isa = PBXBuildFile; fileRef = D542DF640CB41AF500AABC11 /* Rect2.cpp */; };
		D5CA4D9E0CB43125006261D6 /* Segment2.cpp in Sources */ = {isa = PBXBuildFile; fileRef = D542DF660CB41AF500AABC11 /* Segment2.cpp */; };
		D5CA4DA00CB43125006261D6 /* Trapezoid2.cpp in Sources */ = {isa = PBXBuildFile; fileRef = D542DF680CB41AF500AABC11 /* Trapezoid2.cpp */; };
		D5CA4DA20CB43125006261D6 /* TrapezoidalMap2.cpp in Sources */ = {isa = PBXBuildFile; fileRef = D542DF6A0CB41AF500AABC11 /* TrapezoidalMap2.cpp */; };
		D5CA4DA40CB43125006261D6 /* TrapezoidNode2.cpp in Sources */ = {isa = PBXBuildFile; fileRef = D542DF6C0CB41AF500AABC11 /* TrapezoidNode2.cpp */; };
		D5CA4DA60CB43125006261D6 /* Vector2.cpp in Sources */ = {isa = PBXBuildFile; fileRef = D542DF6E0CB41AF500AABC11 /* Vector2.cpp */; };
		D5CAD4C80CE66D96002828D0 /* Timing.cpp in Sources */ = {isa = PBXBuildFile; fileRef = D5CAD4C70CE66D96002828D0 /* Timing.cpp */; };
		D5CAD54D0CE716D3002828D0 /* SpriteTests.cpp in Sources */ = {isa = PBXBuildFile; fileRef = D5CAD54C0CE716D3002828D0 /* SpriteTests.cpp */; };
		D5CAD5520CE71786002828D0 /* Sprite.cpp in Sources */ = {isa = PBXBuildFile; fileRef = D5E7BA140B71570B002E3AE8 /* Sprite.cpp */; };
		D5CAD5650CE71870002828D0 /* MotionState.cpp in Sources */ = {isa = PBXBuildFile; fileRef = D58EC2100BB9D57A00E85BAD /* MotionState.cpp */; };
		D5CAD5690CE7188D002828D0 /* Group.cpp in Sources */ = {isa = PBXBuildFile; fileRef = D5E7BA0E0B71570B002E3AE8 /* Group.cpp */; };
		D5CAD56D0CE718AF002828D0 /* Timing.cpp in Sources */ = {isa = PBXBuildFile; fileRef = D5CAD4C70CE66D96002828D0 /* Timing.cpp */; };
		D5CAD5780CE71F19002828D0 /* View.cpp in Sources */ = {isa = PBXBuildFile; fileRef = D5E7BA160B71570B002E3AE8 /* View.cpp */; };
		D5CAD5830CE73A34002828D0 /* MockView.cpp in Sources */ = {isa = PBXBuildFile; fileRef = D5CAD5820CE73A34002828D0 /* MockView.cpp */; };
		D5CAD7980CEBAD70002828D0 /* ShapeGroup.cpp in Sources */ = {isa = PBXBuildFile; fileRef = D5DC3D3B0BDF808700430EFB /* ShapeGroup.cpp */; };
		D5D7F3BC0CE26B4C00A149A3 /* Exception.h in Copy Frameworks into .app bundle */ = {isa = PBXBuildFile; fileRef = D5D7F3BA0CE26B4C00A149A3 /* Exception.h */; };
		D5D7F3BD0CE26B4C00A149A3 /* Exception.cpp in Sources */ = {isa = PBXBuildFile; fileRef = D5D7F3BB0CE26B4C00A149A3 /* Exception.cpp */; };
		D5D7F4040CE3A0A900A149A3 /* IteratorTests.cpp in Sources */ = {isa = PBXBuildFile; fileRef = D5D7F4030CE3A0A900A149A3 /* IteratorTests.cpp */; };
		D5D7F4200CE3A1AB00A149A3 /* AutoreleasePool.cpp in Sources */ = {isa = PBXBuildFile; fileRef = D542DF4C0CB41AE000AABC11 /* AutoreleasePool.cpp */; };
		D5D7F4210CE3A1B000A149A3 /* SharedObject.cpp in Sources */ = {isa = PBXBuildFile; fileRef = D542DF4F0CB41AE000AABC11 /* SharedObject.cpp */; };
		D5D7F4220CE3A1BB00A149A3 /* Iterator.cpp in Sources */ = {isa = PBXBuildFile; fileRef = D56E8EC70CDC69EC00260EC2 /* Iterator.cpp */; };
		D5D7F4230CE3A1BF00A149A3 /* Algorithms.cpp in Sources */ = {isa = PBXBuildFile; fileRef = D5E7BA3D0B715761002E3AE8 /* Algorithms.cpp */; };
		D5D7F50E0CE4F73700A149A3 /* Exception.cpp in Sources */ = {isa = PBXBuildFile; fileRef = D5D7F3BB0CE26B4C00A149A3 /* Exception.cpp */; };
		D5DC3D410BDF808800430EFB /* ShapeGroup.cpp in Sources */ = {isa = PBXBuildFile; fileRef = D5DC3D3B0BDF808700430EFB /* ShapeGroup.cpp */; };
		D5DC3D420BDF808800430EFB /* ShapeGroup.h in Copy Frameworks into .app bundle */ = {isa = PBXBuildFile; fileRef = D5DC3D3C0BDF808800430EFB /* ShapeGroup.h */; };
		D5DC3D430BDF808800430EFB /* Shape.cpp in Sources */ = {isa = PBXBuildFile; fileRef = D5DC3D3D0BDF808800430EFB /* Shape.cpp */; };
		D5DC3D440BDF808800430EFB /* Shape.h in Copy Frameworks into .app bundle */ = {isa = PBXBuildFile; fileRef = D5DC3D3E0BDF808800430EFB /* Shape.h */; };
		D5DC3D450BDF808800430EFB /* Action.cpp in Sources */ = {isa = PBXBuildFile; fileRef = D5DC3D3F0BDF808800430EFB /* Action.cpp */; };
		D5DC3D460BDF808800430EFB /* Action.h in Copy Frameworks into .app bundle */ = {isa = PBXBuildFile; fileRef = D5DC3D400BDF808800430EFB /* Action.h */; };
		D5DCB3160CA1BBDB005C1355 /* Vector2Tests.cpp in Sources */ = {isa = PBXBuildFile; fileRef = D5DCB1B40CA074D8005C1355 /* Vector2Tests.cpp */; };
		D5DCB3170CA1BBDB005C1355 /* CircleTests.cpp in Sources */ = {isa = PBXBuildFile; fileRef = D5DCB21F0CA1B481005C1355 /* CircleTests.cpp */; };
		D5DCB3180CA1BBDB005C1355 /* Segment2Tests.cpp in Sources */ = {isa = PBXBuildFile; fileRef = D5DCB2220CA1B49C005C1355 /* Segment2Tests.cpp */; };
		D5DCB3190CA1BBDB005C1355 /* Rect2Tests.cpp in Sources */ = {isa = PBXBuildFile; fileRef = D5DCB2250CA1B4BD005C1355 /* Rect2Tests.cpp */; };
		D5DCB31A0CA1BBDB005C1355 /* Ray2Tests.cpp in Sources */ = {isa = PBXBuildFile; fileRef = D5DCB2280CA1B4DB005C1355 /* Ray2Tests.cpp */; };
		D5E547900CBC367500D16BE5 /* CircleShape.cpp in Sources */ = {isa = PBXBuildFile; fileRef = D5E5478A0CBC367500D16BE5 /* CircleShape.cpp */; };
		D5E547910CBC367500D16BE5 /* CircleShape.h in Copy Frameworks into .app bundle */ = {isa = PBXBuildFile; fileRef = D5E5478B0CBC367500D16BE5 /* CircleShape.h */; };
		D5E547920CBC367500D16BE5 /* RectShape2.cpp in Sources */ = {isa = PBXBuildFile; fileRef = D5E5478C0CBC367500D16BE5 /* RectShape2.cpp */; };
		D5E547930CBC367500D16BE5 /* RectShape2.h in Copy Frameworks into .app bundle */ = {isa = PBXBuildFile; fileRef = D5E5478D0CBC367500D16BE5 /* RectShape2.h */; };
		D5E547940CBC367500D16BE5 /* SegmentShape2.cpp in Sources */ = {isa = PBXBuildFile; fileRef = D5E5478E0CBC367500D16BE5 /* SegmentShape2.cpp */; };
		D5E547950CBC367500D16BE5 /* SegmentShape2.h in Copy Frameworks into .app bundle */ = {isa = PBXBuildFile; fileRef = D5E5478F0CBC367500D16BE5 /* SegmentShape2.h */; };
		D5E7BA180B71570B002E3AE8 /* Group.cpp in Sources */ = {isa = PBXBuildFile; fileRef = D5E7BA0E0B71570B002E3AE8 /* Group.cpp */; };
		D5E7BA190B71570B002E3AE8 /* Group.h in Copy Frameworks into .app bundle */ = {isa = PBXBuildFile; fileRef = D5E7BA0F0B71570B002E3AE8 /* Group.h */; };
		D5E7BA1A0B71570B002E3AE8 /* ImageView.cpp in Sources */ = {isa = PBXBuildFile; fileRef = D5E7BA100B71570B002E3AE8 /* ImageView.cpp */; };
		D5E7BA1B0B71570B002E3AE8 /* ImageView.h in Copy Frameworks into .app bundle */ = {isa = PBXBuildFile; fileRef = D5E7BA110B71570B002E3AE8 /* ImageView.h */; };
		D5E7BA1C0B71570B002E3AE8 /* PolygonView.cpp in Sources */ = {isa = PBXBuildFile; fileRef = D5E7BA120B71570B002E3AE8 /* PolygonView.cpp */; };
		D5E7BA1D0B71570B002E3AE8 /* PolygonView.h in Copy Frameworks into .app bundle */ = {isa = PBXBuildFile; fileRef = D5E7BA130B71570B002E3AE8 /* PolygonView.h */; };
		D5E7BA1E0B71570B002E3AE8 /* Sprite.cpp in Sources */ = {isa = PBXBuildFile; fileRef = D5E7BA140B71570B002E3AE8 /* Sprite.cpp */; };
		D5E7BA1F0B71570B002E3AE8 /* Sprite.h in Copy Frameworks into .app bundle */ = {isa = PBXBuildFile; fileRef = D5E7BA150B71570B002E3AE8 /* Sprite.h */; };
		D5E7BA200B71570B002E3AE8 /* View.cpp in Sources */ = {isa = PBXBuildFile; fileRef = D5E7BA160B71570B002E3AE8 /* View.cpp */; };
		D5E7BA210B71570B002E3AE8 /* View.h in Copy Frameworks into .app bundle */ = {isa = PBXBuildFile; fileRef = D5E7BA170B71570B002E3AE8 /* View.h */; };
		D5E7BA410B715761002E3AE8 /* Types.h in Copy Frameworks into .app bundle */ = {isa = PBXBuildFile; fileRef = D5E7BA3B0B715761002E3AE8 /* Types.h */; };
		D5E7BA420B715761002E3AE8 /* Algorithms.cpp in Sources */ = {isa = PBXBuildFile; fileRef = D5E7BA3D0B715761002E3AE8 /* Algorithms.cpp */; };
		D5E7BA430B715761002E3AE8 /* Algorithms.h in Copy Frameworks into .app bundle */ = {isa = PBXBuildFile; fileRef = D5E7BA3E0B715761002E3AE8 /* Algorithms.h */; };
		D5E7BA440B715761002E3AE8 /* PolygonUtils.cpp in Sources */ = {isa = PBXBuildFile; fileRef = D5E7BA3F0B715761002E3AE8 /* PolygonUtils.cpp */; };
		D5E7BA450B715761002E3AE8 /* PolygonUtils.h in Copy Frameworks into .app bundle */ = {isa = PBXBuildFile; fileRef = D5E7BA400B715761002E3AE8 /* PolygonUtils.h */; };
		D5FB6BBF0B52AA0A000F36A5 /* SDL_image.framework in Frameworks */ = {isa = PBXBuildFile; fileRef = D5FB6BBE0B52AA0A000F36A5 /* SDL_image.framework */; };
/* End PBXBuildFile section */

/* Begin PBXCopyFilesBuildPhase section */
		002F39FD09D0883400EBEB88 /* Copy Frameworks into .app bundle */ = {
			isa = PBXCopyFilesBuildPhase;
			buildActionMask = 2147483647;
			dstPath = "";
			dstSubfolderSpec = 10;
			files = (
				002F3A0009D0884600EBEB88 /* SDL.framework in Copy Frameworks into .app bundle */,
				D58B9F310B380CF500B3EE64 /* Engine.h in Copy Frameworks into .app bundle */,
				D5E7BA190B71570B002E3AE8 /* Group.h in Copy Frameworks into .app bundle */,
				D5E7BA1B0B71570B002E3AE8 /* ImageView.h in Copy Frameworks into .app bundle */,
				D5E7BA1D0B71570B002E3AE8 /* PolygonView.h in Copy Frameworks into .app bundle */,
				D5E7BA1F0B71570B002E3AE8 /* Sprite.h in Copy Frameworks into .app bundle */,
				D5E7BA210B71570B002E3AE8 /* View.h in Copy Frameworks into .app bundle */,
				D5E7BA410B715761002E3AE8 /* Types.h in Copy Frameworks into .app bundle */,
				D5E7BA430B715761002E3AE8 /* Algorithms.h in Copy Frameworks into .app bundle */,
				D5E7BA450B715761002E3AE8 /* PolygonUtils.h in Copy Frameworks into .app bundle */,
				D56E8F5B0B7E08A800ABD8A3 /* SegmentView.h in Copy Frameworks into .app bundle */,
				D5478B170B80A57900108909 /* TrapezoidView.h in Copy Frameworks into .app bundle */,
				D52D9FDE0B86697E0011E248 /* PointsView.h in Copy Frameworks into .app bundle */,
				D58EC2130BB9D57A00E85BAD /* MotionState.h in Copy Frameworks into .app bundle */,
				D5BD17940BBD62C700BA3313 /* LuaEngine.h in Copy Frameworks into .app bundle */,
				D5BD17960BBD62C700BA3313 /* LuaUtils.h in Copy Frameworks into .app bundle */,
				D5BD17A10BBD62D300BA3313 /* LuaSprite.h in Copy Frameworks into .app bundle */,
				D5BD17A30BBD62D300BA3313 /* LuaView.h in Copy Frameworks into .app bundle */,
				D5BD17C20BBD62E500BA3313 /* LuaGraph2.h in Copy Frameworks into .app bundle */,
				D5BD17C40BBD62E500BA3313 /* LuaMotionState.h in Copy Frameworks into .app bundle */,
				D5BD17C60BBD62E500BA3313 /* LuaPaths2.h in Copy Frameworks into .app bundle */,
				D5BD17C80BBD62E500BA3313 /* LuaRay2.h in Copy Frameworks into .app bundle */,
				D5BD17CA0BBD62E500BA3313 /* LuaRect2.h in Copy Frameworks into .app bundle */,
				D5BD17CC0BBD62E500BA3313 /* LuaSegment2.h in Copy Frameworks into .app bundle */,
				D5BD17CE0BBD62E500BA3313 /* LuaTrapezoid2.h in Copy Frameworks into .app bundle */,
				D5BD17D00BBD62E500BA3313 /* LuaTrapezoidalMap.h in Copy Frameworks into .app bundle */,
				D5BD17D20BBD62E500BA3313 /* LuaTrapezoidNode2.h in Copy Frameworks into .app bundle */,
				D5BD17D40BBD62E500BA3313 /* LuaVector2.h in Copy Frameworks into .app bundle */,
				D5BD17E30BBD64F500BA3313 /* LuaMatrix2.h in Copy Frameworks into .app bundle */,
				D5DC3D420BDF808800430EFB /* ShapeGroup.h in Copy Frameworks into .app bundle */,
				D5DC3D440BDF808800430EFB /* Shape.h in Copy Frameworks into .app bundle */,
				D5DC3D460BDF808800430EFB /* Action.h in Copy Frameworks into .app bundle */,
				D593A27B0CA8546D00432061 /* LuaCircle.h in Copy Frameworks into .app bundle */,
				D542DF520CB41AE000AABC11 /* AutoreleasePool.hpp in Copy Frameworks into .app bundle */,
				D542DF530CB41AE000AABC11 /* Core.h in Copy Frameworks into .app bundle */,
				D542DF550CB41AE000AABC11 /* SharedObject.hpp in Copy Frameworks into .app bundle */,
				D542DF710CB41AF500AABC11 /* Circle.hpp in Copy Frameworks into .app bundle */,
				D542DF750CB41AF500AABC11 /* IO.hpp in Copy Frameworks into .app bundle */,
				D542DF770CB41AF500AABC11 /* Matrix2.hpp in Copy Frameworks into .app bundle */,
				D542DF7B0CB41AF500AABC11 /* QuadNode.h in Copy Frameworks into .app bundle */,
				D542DF7D0CB41AF500AABC11 /* Ray2.hpp in Copy Frameworks into .app bundle */,
				D542DF7F0CB41AF500AABC11 /* Rect2.hpp in Copy Frameworks into .app bundle */,
				D542DF810CB41AF500AABC11 /* Segment2.hpp in Copy Frameworks into .app bundle */,
				D542DF830CB41AF500AABC11 /* Trapezoid2.hpp in Copy Frameworks into .app bundle */,
				D542DF850CB41AF500AABC11 /* TrapezoidalMap2.hpp in Copy Frameworks into .app bundle */,
				D542DF870CB41AF500AABC11 /* TrapezoidNode2.hpp in Copy Frameworks into .app bundle */,
				D542DF890CB41AF500AABC11 /* Vector2.hpp in Copy Frameworks into .app bundle */,
				D5E547910CBC367500D16BE5 /* CircleShape.h in Copy Frameworks into .app bundle */,
				D5E547930CBC367500D16BE5 /* RectShape2.h in Copy Frameworks into .app bundle */,
				D5E547950CBC367500D16BE5 /* SegmentShape2.h in Copy Frameworks into .app bundle */,
				D546184C0CC541E300505BE3 /* LuaShape.h in Copy Frameworks into .app bundle */,
				D56E8ECA0CDC69EC00260EC2 /* Iterator.h in Copy Frameworks into .app bundle */,
				D5D7F3BC0CE26B4C00A149A3 /* Exception.h in Copy Frameworks into .app bundle */,
			);
			name = "Copy Frameworks into .app bundle";
			runOnlyForDeploymentPostprocessing = 0;
		};
/* End PBXCopyFilesBuildPhase section */

/* Begin PBXFileReference section */
		002F39F909D0881F00EBEB88 /* SDL.framework */ = {isa = PBXFileReference; lastKnownFileType = wrapper.framework; name = SDL.framework; path = /Library/Frameworks/SDL.framework; sourceTree = "<absolute>"; };
		002F3A2B09D0888800EBEB88 /* SDLMain.h */ = {isa = PBXFileReference; fileEncoding = 30; lastKnownFileType = sourcecode.c.h; path = SDLMain.h; sourceTree = SOURCE_ROOT; };
		002F3A2C09D0888800EBEB88 /* SDLMain.m */ = {isa = PBXFileReference; fileEncoding = 30; lastKnownFileType = sourcecode.c.objc; path = SDLMain.m; sourceTree = SOURCE_ROOT; };
		002F3C0009D093BD00EBEB88 /* OpenGL.framework */ = {isa = PBXFileReference; lastKnownFileType = wrapper.framework; name = OpenGL.framework; path = /System/Library/Frameworks/OpenGL.framework; sourceTree = "<absolute>"; };
		002F3C6009D0951E00EBEB88 /* GLUT.framework */ = {isa = PBXFileReference; lastKnownFileType = wrapper.framework; name = GLUT.framework; path = ../../../../../../../../../../System/Library/Frameworks/GLUT.framework; sourceTree = SOURCE_ROOT; };
		089C165DFE840E0CC02AAC07 /* English */ = {isa = PBXFileReference; fileEncoding = 10; lastKnownFileType = text.plist.strings; name = English; path = English.lproj/InfoPlist.strings; sourceTree = "<group>"; };
		1058C7A1FEA54F0111CA2CBB /* Cocoa.framework */ = {isa = PBXFileReference; lastKnownFileType = wrapper.framework; name = Cocoa.framework; path = /System/Library/Frameworks/Cocoa.framework; sourceTree = "<absolute>"; };
		29B97324FDCFA39411CA2CEA /* AppKit.framework */ = {isa = PBXFileReference; lastKnownFileType = wrapper.framework; name = AppKit.framework; path = /System/Library/Frameworks/AppKit.framework; sourceTree = "<absolute>"; };
		29B97325FDCFA39411CA2CEA /* Foundation.framework */ = {isa = PBXFileReference; lastKnownFileType = wrapper.framework; name = Foundation.framework; path = /System/Library/Frameworks/Foundation.framework; sourceTree = "<absolute>"; };
		32CA4F630368D1EE00C91783 /* LusionEngine_Prefix.pch */ = {isa = PBXFileReference; fileEncoding = 4; lastKnownFileType = sourcecode.c.h; path = LusionEngine_Prefix.pch; sourceTree = "<group>"; };
		8D1107310486CEB800E47090 /* Info.plist */ = {isa = PBXFileReference; fileEncoding = 4; lastKnownFileType = text.plist; path = Info.plist; sourceTree = "<group>"; };
		8D1107320486CEB800E47090 /* LusionEngine.app */ = {isa = PBXFileReference; explicitFileType = wrapper.application; includeInIndex = 0; path = LusionEngine.app; sourceTree = BUILT_PRODUCTS_DIR; };
		D504E20E0CE5C4490005AA7B /* ShapeIterator.h */ = {isa = PBXFileReference; fileEncoding = 4; lastKnownFileType = sourcecode.c.h; path = ShapeIterator.h; sourceTree = "<group>"; };
		D52D9FDB0B86697E0011E248 /* PointsView.cpp */ = {isa = PBXFileReference; fileEncoding = 30; lastKnownFileType = sourcecode.cpp.cpp; path = PointsView.cpp; sourceTree = "<group>"; };
		D52D9FDC0B86697E0011E248 /* PointsView.h */ = {isa = PBXFileReference; fileEncoding = 30; lastKnownFileType = sourcecode.c.h; path = PointsView.h; sourceTree = "<group>"; };
		D542DF4C0CB41AE000AABC11 /* AutoreleasePool.cpp */ = {isa = PBXFileReference; fileEncoding = 30; lastKnownFileType = sourcecode.cpp.cpp; name = AutoreleasePool.cpp; path = Core/AutoreleasePool.cpp; sourceTree = "<group>"; };
		D542DF4D0CB41AE000AABC11 /* AutoreleasePool.hpp */ = {isa = PBXFileReference; fileEncoding = 30; lastKnownFileType = sourcecode.cpp.h; name = AutoreleasePool.hpp; path = Core/AutoreleasePool.hpp; sourceTree = "<group>"; };
		D542DF4E0CB41AE000AABC11 /* Core.h */ = {isa = PBXFileReference; fileEncoding = 30; lastKnownFileType = sourcecode.c.h; name = Core.h; path = Core/Core.h; sourceTree = "<group>"; };
		D542DF4F0CB41AE000AABC11 /* SharedObject.cpp */ = {isa = PBXFileReference; fileEncoding = 30; lastKnownFileType = sourcecode.cpp.cpp; name = SharedObject.cpp; path = Core/SharedObject.cpp; sourceTree = "<group>"; };
		D542DF500CB41AE000AABC11 /* SharedObject.hpp */ = {isa = PBXFileReference; fileEncoding = 30; lastKnownFileType = sourcecode.cpp.h; name = SharedObject.hpp; path = Core/SharedObject.hpp; sourceTree = "<group>"; };
		D542DF560CB41AF500AABC11 /* Circle.cpp */ = {isa = PBXFileReference; fileEncoding = 30; lastKnownFileType = sourcecode.cpp.cpp; name = Circle.cpp; path = Geometry/Circle.cpp; sourceTree = "<group>"; };
		D542DF570CB41AF500AABC11 /* Circle.hpp */ = {isa = PBXFileReference; fileEncoding = 30; lastKnownFileType = sourcecode.cpp.h; name = Circle.hpp; path = Geometry/Circle.hpp; sourceTree = "<group>"; };
		D542DF5A0CB41AF500AABC11 /* IO.cpp */ = {isa = PBXFileReference; fileEncoding = 30; lastKnownFileType = sourcecode.cpp.cpp; name = IO.cpp; path = Geometry/IO.cpp; sourceTree = "<group>"; };
		D542DF5B0CB41AF500AABC11 /* IO.hpp */ = {isa = PBXFileReference; fileEncoding = 30; lastKnownFileType = sourcecode.cpp.h; name = IO.hpp; path = Geometry/IO.hpp; sourceTree = "<group>"; };
		D542DF5C0CB41AF500AABC11 /* Matrix2.cpp */ = {isa = PBXFileReference; fileEncoding = 30; lastKnownFileType = sourcecode.cpp.cpp; name = Matrix2.cpp; path = Geometry/Matrix2.cpp; sourceTree = "<group>"; };
		D542DF5D0CB41AF500AABC11 /* Matrix2.hpp */ = {isa = PBXFileReference; fileEncoding = 30; lastKnownFileType = sourcecode.cpp.h; name = Matrix2.hpp; path = Geometry/Matrix2.hpp; sourceTree = "<group>"; };
		D542DF600CB41AF500AABC11 /* QuadNode.cpp */ = {isa = PBXFileReference; fileEncoding = 30; lastKnownFileType = sourcecode.cpp.cpp; name = QuadNode.cpp; path = Geometry/QuadNode.cpp; sourceTree = "<group>"; };
		D542DF610CB41AF500AABC11 /* QuadNode.h */ = {isa = PBXFileReference; fileEncoding = 30; lastKnownFileType = sourcecode.c.h; name = QuadNode.h; path = Geometry/QuadNode.h; sourceTree = "<group>"; };
		D542DF620CB41AF500AABC11 /* Ray2.cpp */ = {isa = PBXFileReference; fileEncoding = 30; lastKnownFileType = sourcecode.cpp.cpp; name = Ray2.cpp; path = Geometry/Ray2.cpp; sourceTree = "<group>"; };
		D542DF630CB41AF500AABC11 /* Ray2.hpp */ = {isa = PBXFileReference; fileEncoding = 30; lastKnownFileType = sourcecode.cpp.h; name = Ray2.hpp; path = Geometry/Ray2.hpp; sourceTree = "<group>"; };
		D542DF640CB41AF500AABC11 /* Rect2.cpp */ = {isa = PBXFileReference; fileEncoding = 30; lastKnownFileType = sourcecode.cpp.cpp; name = Rect2.cpp; path = Geometry/Rect2.cpp; sourceTree = "<group>"; };
		D542DF650CB41AF500AABC11 /* Rect2.hpp */ = {isa = PBXFileReference; fileEncoding = 30; lastKnownFileType = sourcecode.cpp.h; name = Rect2.hpp; path = Geometry/Rect2.hpp; sourceTree = "<group>"; };
		D542DF660CB41AF500AABC11 /* Segment2.cpp */ = {isa = PBXFileReference; fileEncoding = 30; lastKnownFileType = sourcecode.cpp.cpp; name = Segment2.cpp; path = Geometry/Segment2.cpp; sourceTree = "<group>"; };
		D542DF670CB41AF500AABC11 /* Segment2.hpp */ = {isa = PBXFileReference; fileEncoding = 30; lastKnownFileType = sourcecode.cpp.h; name = Segment2.hpp; path = Geometry/Segment2.hpp; sourceTree = "<group>"; };
		D542DF680CB41AF500AABC11 /* Trapezoid2.cpp */ = {isa = PBXFileReference; fileEncoding = 30; lastKnownFileType = sourcecode.cpp.cpp; name = Trapezoid2.cpp; path = Geometry/Trapezoid2.cpp; sourceTree = "<group>"; };
		D542DF690CB41AF500AABC11 /* Trapezoid2.hpp */ = {isa = PBXFileReference; fileEncoding = 30; lastKnownFileType = sourcecode.cpp.h; name = Trapezoid2.hpp; path = Geometry/Trapezoid2.hpp; sourceTree = "<group>"; };
		D542DF6A0CB41AF500AABC11 /* TrapezoidalMap2.cpp */ = {isa = PBXFileReference; fileEncoding = 30; lastKnownFileType = sourcecode.cpp.cpp; name = TrapezoidalMap2.cpp; path = Geometry/TrapezoidalMap2.cpp; sourceTree = "<group>"; };
		D542DF6B0CB41AF500AABC11 /* TrapezoidalMap2.hpp */ = {isa = PBXFileReference; fileEncoding = 30; lastKnownFileType = sourcecode.cpp.h; name = TrapezoidalMap2.hpp; path = Geometry/TrapezoidalMap2.hpp; sourceTree = "<group>"; };
		D542DF6C0CB41AF500AABC11 /* TrapezoidNode2.cpp */ = {isa = PBXFileReference; fileEncoding = 30; lastKnownFileType = sourcecode.cpp.cpp; name = TrapezoidNode2.cpp; path = Geometry/TrapezoidNode2.cpp; sourceTree = "<group>"; };
		D542DF6D0CB41AF500AABC11 /* TrapezoidNode2.hpp */ = {isa = PBXFileReference; fileEncoding = 30; lastKnownFileType = sourcecode.cpp.h; name = TrapezoidNode2.hpp; path = Geometry/TrapezoidNode2.hpp; sourceTree = "<group>"; };
		D542DF6E0CB41AF500AABC11 /* Vector2.cpp */ = {isa = PBXFileReference; fileEncoding = 30; lastKnownFileType = sourcecode.cpp.cpp; name = Vector2.cpp; path = Geometry/Vector2.cpp; sourceTree = "<group>"; };
		D542DF6F0CB41AF500AABC11 /* Vector2.hpp */ = {isa = PBXFileReference; fileEncoding = 30; lastKnownFileType = sourcecode.cpp.h; name = Vector2.hpp; path = Geometry/Vector2.hpp; sourceTree = "<group>"; };
		D54618490CC541E300505BE3 /* LuaShape.cpp */ = {isa = PBXFileReference; fileEncoding = 30; lastKnownFileType = sourcecode.cpp.cpp; path = LuaShape.cpp; sourceTree = "<group>"; };
		D546184A0CC541E300505BE3 /* LuaShape.h */ = {isa = PBXFileReference; fileEncoding = 30; lastKnownFileType = sourcecode.c.h; path = LuaShape.h; sourceTree = "<group>"; };
		D5478B140B80A57900108909 /* TrapezoidView.cpp */ = {isa = PBXFileReference; fileEncoding = 30; lastKnownFileType = sourcecode.cpp.cpp; path = TrapezoidView.cpp; sourceTree = "<group>"; };
		D5478B150B80A57900108909 /* TrapezoidView.h */ = {isa = PBXFileReference; fileEncoding = 30; lastKnownFileType = sourcecode.c.h; path = TrapezoidView.h; sourceTree = "<group>"; };
		D55AC34E0CE640DA00983871 /* ShapeTests.h */ = {isa = PBXFileReference; fileEncoding = 4; lastKnownFileType = sourcecode.c.h; name = ShapeTests.h; path = UnitTest/ShapeTests.h; sourceTree = "<group>"; };
		D55AC34F0CE640DA00983871 /* ShapeTests.cpp */ = {isa = PBXFileReference; fileEncoding = 4; lastKnownFileType = sourcecode.cpp.cpp; name = ShapeTests.cpp; path = UnitTest/ShapeTests.cpp; sourceTree = "<group>"; };
		D55AC35E0CE6428A00983871 /* GLUtils.h */ = {isa = PBXFileReference; fileEncoding = 4; lastKnownFileType = sourcecode.c.h; path = GLUtils.h; sourceTree = "<group>"; };
		D55AC35F0CE6428A00983871 /* GLUtils.cpp */ = {isa = PBXFileReference; fileEncoding = 4; lastKnownFileType = sourcecode.cpp.cpp; path = GLUtils.cpp; sourceTree = "<group>"; };
		D56E8EC70CDC69EC00260EC2 /* Iterator.cpp */ = {isa = PBXFileReference; fileEncoding = 30; lastKnownFileType = sourcecode.cpp.cpp; path = Iterator.cpp; sourceTree = "<group>"; };
		D56E8EC80CDC69EC00260EC2 /* Iterator.h */ = {isa = PBXFileReference; fileEncoding = 30; lastKnownFileType = sourcecode.c.h; path = Iterator.h; sourceTree = "<group>"; };
		D56E8F580B7E08A800ABD8A3 /* SegmentView.cpp */ = {isa = PBXFileReference; fileEncoding = 30; lastKnownFileType = sourcecode.cpp.cpp; path = SegmentView.cpp; sourceTree = "<group>"; };
		D56E8F590B7E08A800ABD8A3 /* SegmentView.h */ = {isa = PBXFileReference; fileEncoding = 30; lastKnownFileType = sourcecode.c.h; path = SegmentView.h; sourceTree = "<group>"; };
		D5850A090D10978F0058EFF1 /* ShapeListener.h */ = {isa = PBXFileReference; fileEncoding = 4; lastKnownFileType = sourcecode.c.h; path = ShapeListener.h; sourceTree = "<group>"; };
		D5850A0A0D10978F0058EFF1 /* ShapeListener.cpp */ = {isa = PBXFileReference; fileEncoding = 4; lastKnownFileType = sourcecode.cpp.cpp; path = ShapeListener.cpp; sourceTree = "<group>"; };
		D58B9F2A0B380C9B00B3EE64 /* main.cpp */ = {isa = PBXFileReference; fileEncoding = 4; lastKnownFileType = sourcecode.cpp.cpp; path = main.cpp; sourceTree = "<group>"; };
		D58B9F2F0B380CF500B3EE64 /* Engine.h */ = {isa = PBXFileReference; fileEncoding = 4; lastKnownFileType = sourcecode.c.h; path = Engine.h; sourceTree = "<group>"; };
		D58B9F300B380CF500B3EE64 /* Engine.cpp */ = {isa = PBXFileReference; fileEncoding = 4; lastKnownFileType = sourcecode.cpp.cpp; path = Engine.cpp; sourceTree = "<group>"; };
		D58EC2100BB9D57A00E85BAD /* MotionState.cpp */ = {isa = PBXFileReference; fileEncoding = 30; lastKnownFileType = sourcecode.cpp.cpp; path = MotionState.cpp; sourceTree = "<group>"; };
		D58EC2110BB9D57A00E85BAD /* MotionState.h */ = {isa = PBXFileReference; fileEncoding = 30; lastKnownFileType = sourcecode.c.h; path = MotionState.h; sourceTree = "<group>"; };
		D593A2780CA8546D00432061 /* LuaCircle.cpp */ = {isa = PBXFileReference; fileEncoding = 30; lastKnownFileType = sourcecode.cpp.cpp; path = LuaCircle.cpp; sourceTree = "<group>"; };
		D593A2790CA8546D00432061 /* LuaCircle.h */ = {isa = PBXFileReference; fileEncoding = 30; lastKnownFileType = sourcecode.c.h; path = LuaCircle.h; sourceTree = "<group>"; };
		D5BD178F0BBD62C700BA3313 /* LuaEngine.cpp */ = {isa = PBXFileReference; fileEncoding = 30; lastKnownFileType = sourcecode.cpp.cpp; path = LuaEngine.cpp; sourceTree = "<group>"; };
		D5BD17900BBD62C700BA3313 /* LuaEngine.h */ = {isa = PBXFileReference; fileEncoding = 30; lastKnownFileType = sourcecode.c.h; path = LuaEngine.h; sourceTree = "<group>"; };
		D5BD17910BBD62C700BA3313 /* LuaUtils.cpp */ = {isa = PBXFileReference; fileEncoding = 30; lastKnownFileType = sourcecode.cpp.cpp; path = LuaUtils.cpp; sourceTree = "<group>"; };
		D5BD17920BBD62C700BA3313 /* LuaUtils.h */ = {isa = PBXFileReference; fileEncoding = 30; lastKnownFileType = sourcecode.c.h; path = LuaUtils.h; sourceTree = "<group>"; };
		D5BD179A0BBD62D300BA3313 /* LuaSprite.cpp */ = {isa = PBXFileReference; fileEncoding = 30; lastKnownFileType = sourcecode.cpp.cpp; path = LuaSprite.cpp; sourceTree = "<group>"; };
		D5BD179B0BBD62D300BA3313 /* LuaSprite.h */ = {isa = PBXFileReference; fileEncoding = 30; lastKnownFileType = sourcecode.c.h; path = LuaSprite.h; sourceTree = "<group>"; };
		D5BD179C0BBD62D300BA3313 /* LuaView.cpp */ = {isa = PBXFileReference; fileEncoding = 30; lastKnownFileType = sourcecode.cpp.cpp; path = LuaView.cpp; sourceTree = "<group>"; };
		D5BD179D0BBD62D300BA3313 /* LuaView.h */ = {isa = PBXFileReference; fileEncoding = 30; lastKnownFileType = sourcecode.c.h; path = LuaView.h; sourceTree = "<group>"; };
		D5BD17AA0BBD62E500BA3313 /* LuaGraph2.h */ = {isa = PBXFileReference; fileEncoding = 30; lastKnownFileType = sourcecode.c.h; path = LuaGraph2.h; sourceTree = "<group>"; };
		D5BD17AB0BBD62E500BA3313 /* LuaMotionState.cpp */ = {isa = PBXFileReference; fileEncoding = 30; lastKnownFileType = sourcecode.cpp.cpp; path = LuaMotionState.cpp; sourceTree = "<group>"; };
		D5BD17AC0BBD62E500BA3313 /* LuaMotionState.h */ = {isa = PBXFileReference; fileEncoding = 30; lastKnownFileType = sourcecode.c.h; path = LuaMotionState.h; sourceTree = "<group>"; };
		D5BD17AD0BBD62E500BA3313 /* LuaPaths2.cpp */ = {isa = PBXFileReference; fileEncoding = 30; lastKnownFileType = sourcecode.cpp.cpp; path = LuaPaths2.cpp; sourceTree = "<group>"; };
		D5BD17AE0BBD62E500BA3313 /* LuaPaths2.h */ = {isa = PBXFileReference; fileEncoding = 30; lastKnownFileType = sourcecode.c.h; path = LuaPaths2.h; sourceTree = "<group>"; };
		D5BD17AF0BBD62E500BA3313 /* LuaRay2.cpp */ = {isa = PBXFileReference; fileEncoding = 30; lastKnownFileType = sourcecode.cpp.cpp; path = LuaRay2.cpp; sourceTree = "<group>"; };
		D5BD17B00BBD62E500BA3313 /* LuaRay2.h */ = {isa = PBXFileReference; fileEncoding = 30; lastKnownFileType = sourcecode.c.h; path = LuaRay2.h; sourceTree = "<group>"; };
		D5BD17B10BBD62E500BA3313 /* LuaRect2.cpp */ = {isa = PBXFileReference; fileEncoding = 30; lastKnownFileType = sourcecode.cpp.cpp; path = LuaRect2.cpp; sourceTree = "<group>"; };
		D5BD17B20BBD62E500BA3313 /* LuaRect2.h */ = {isa = PBXFileReference; fileEncoding = 30; lastKnownFileType = sourcecode.c.h; path = LuaRect2.h; sourceTree = "<group>"; };
		D5BD17B30BBD62E500BA3313 /* LuaSegment2.cpp */ = {isa = PBXFileReference; fileEncoding = 30; lastKnownFileType = sourcecode.cpp.cpp; path = LuaSegment2.cpp; sourceTree = "<group>"; };
		D5BD17B40BBD62E500BA3313 /* LuaSegment2.h */ = {isa = PBXFileReference; fileEncoding = 30; lastKnownFileType = sourcecode.c.h; path = LuaSegment2.h; sourceTree = "<group>"; };
		D5BD17B50BBD62E500BA3313 /* LuaTrapezoid2.cpp */ = {isa = PBXFileReference; fileEncoding = 30; lastKnownFileType = sourcecode.cpp.cpp; path = LuaTrapezoid2.cpp; sourceTree = "<group>"; };
		D5BD17B60BBD62E500BA3313 /* LuaTrapezoid2.h */ = {isa = PBXFileReference; fileEncoding = 30; lastKnownFileType = sourcecode.c.h; path = LuaTrapezoid2.h; sourceTree = "<group>"; };
		D5BD17B70BBD62E500BA3313 /* LuaTrapezoidalMap.cpp */ = {isa = PBXFileReference; fileEncoding = 30; lastKnownFileType = sourcecode.cpp.cpp; path = LuaTrapezoidalMap.cpp; sourceTree = "<group>"; };
		D5BD17B80BBD62E500BA3313 /* LuaTrapezoidalMap.h */ = {isa = PBXFileReference; fileEncoding = 30; lastKnownFileType = sourcecode.c.h; path = LuaTrapezoidalMap.h; sourceTree = "<group>"; };
		D5BD17B90BBD62E500BA3313 /* LuaTrapezoidNode2.cpp */ = {isa = PBXFileReference; fileEncoding = 30; lastKnownFileType = sourcecode.cpp.cpp; path = LuaTrapezoidNode2.cpp; sourceTree = "<group>"; };
		D5BD17BA0BBD62E500BA3313 /* LuaTrapezoidNode2.h */ = {isa = PBXFileReference; fileEncoding = 30; lastKnownFileType = sourcecode.c.h; path = LuaTrapezoidNode2.h; sourceTree = "<group>"; };
		D5BD17BB0BBD62E500BA3313 /* LuaVector2.cpp */ = {isa = PBXFileReference; fileEncoding = 30; lastKnownFileType = sourcecode.cpp.cpp; path = LuaVector2.cpp; sourceTree = "<group>"; };
		D5BD17BC0BBD62E500BA3313 /* LuaVector2.h */ = {isa = PBXFileReference; fileEncoding = 30; lastKnownFileType = sourcecode.c.h; path = LuaVector2.h; sourceTree = "<group>"; };
		D5BD17E00BBD64F500BA3313 /* LuaMatrix2.cpp */ = {isa = PBXFileReference; fileEncoding = 30; lastKnownFileType = sourcecode.cpp.cpp; path = LuaMatrix2.cpp; sourceTree = "<group>"; };
		D5BD17E10BBD64F500BA3313 /* LuaMatrix2.h */ = {isa = PBXFileReference; fileEncoding = 30; lastKnownFileType = sourcecode.c.h; path = LuaMatrix2.h; sourceTree = "<group>"; };
		D5C18F270B4B611A0079286F /* liblua.a */ = {isa = PBXFileReference; lastKnownFileType = archive.ar; path = liblua.a; sourceTree = "<group>"; };
		D5C410230B4DECAB00735BD0 /* libCGAL.a */ = {isa = PBXFileReference; lastKnownFileType = archive.ar; path = libCGAL.a; sourceTree = "<group>"; };
		D5CAD4C60CE66D96002828D0 /* Timing.h */ = {isa = PBXFileReference; fileEncoding = 4; lastKnownFileType = sourcecode.c.h; path = Timing.h; sourceTree = "<group>"; };
		D5CAD4C70CE66D96002828D0 /* Timing.cpp */ = {isa = PBXFileReference; fileEncoding = 4; lastKnownFileType = sourcecode.cpp.cpp; path = Timing.cpp; sourceTree = "<group>"; };
		D5CAD54B0CE716D3002828D0 /* SpriteTests.h */ = {isa = PBXFileReference; fileEncoding = 4; lastKnownFileType = sourcecode.c.h; name = SpriteTests.h; path = UnitTest/SpriteTests.h; sourceTree = "<group>"; };
		D5CAD54C0CE716D3002828D0 /* SpriteTests.cpp */ = {isa = PBXFileReference; fileEncoding = 4; lastKnownFileType = sourcecode.cpp.cpp; name = SpriteTests.cpp; path = UnitTest/SpriteTests.cpp; sourceTree = "<group>"; };
		D5CAD5810CE73A34002828D0 /* MockView.h */ = {isa = PBXFileReference; fileEncoding = 4; lastKnownFileType = sourcecode.c.h; name = MockView.h; path = UnitTest/MockView.h; sourceTree = "<group>"; };
		D5CAD5820CE73A34002828D0 /* MockView.cpp */ = {isa = PBXFileReference; fileEncoding = 4; lastKnownFileType = sourcecode.cpp.cpp; name = MockView.cpp; path = UnitTest/MockView.cpp; sourceTree = "<group>"; };
		D5D7F3BA0CE26B4C00A149A3 /* Exception.h */ = {isa = PBXFileReference; fileEncoding = 4; lastKnownFileType = sourcecode.c.h; path = Exception.h; sourceTree = "<group>"; };
		D5D7F3BB0CE26B4C00A149A3 /* Exception.cpp */ = {isa = PBXFileReference; fileEncoding = 4; lastKnownFileType = sourcecode.cpp.cpp; path = Exception.cpp; sourceTree = "<group>"; };
		D5D7F4020CE3A0A900A149A3 /* IteratorTests.h */ = {isa = PBXFileReference; fileEncoding = 4; lastKnownFileType = sourcecode.c.h; name = IteratorTests.h; path = UnitTest/IteratorTests.h; sourceTree = "<group>"; };
		D5D7F4030CE3A0A900A149A3 /* IteratorTests.cpp */ = {isa = PBXFileReference; fileEncoding = 4; lastKnownFileType = sourcecode.cpp.cpp; name = IteratorTests.cpp; path = UnitTest/IteratorTests.cpp; sourceTree = "<group>"; };
		D5DC3D3B0BDF808700430EFB /* ShapeGroup.cpp */ = {isa = PBXFileReference; fileEncoding = 30; lastKnownFileType = sourcecode.cpp.cpp; path = ShapeGroup.cpp; sourceTree = "<group>"; };
		D5DC3D3C0BDF808800430EFB /* ShapeGroup.h */ = {isa = PBXFileReference; fileEncoding = 30; lastKnownFileType = sourcecode.c.h; path = ShapeGroup.h; sourceTree = "<group>"; };
		D5DC3D3D0BDF808800430EFB /* Shape.cpp */ = {isa = PBXFileReference; fileEncoding = 30; lastKnownFileType = sourcecode.cpp.cpp; path = Shape.cpp; sourceTree = "<group>"; };
		D5DC3D3E0BDF808800430EFB /* Shape.h */ = {isa = PBXFileReference; fileEncoding = 30; lastKnownFileType = sourcecode.c.h; path = Shape.h; sourceTree = "<group>"; };
		D5DC3D3F0BDF808800430EFB /* Action.cpp */ = {isa = PBXFileReference; fileEncoding = 30; lastKnownFileType = sourcecode.cpp.cpp; path = Action.cpp; sourceTree = "<group>"; };
		D5DC3D400BDF808800430EFB /* Action.h */ = {isa = PBXFileReference; fileEncoding = 30; lastKnownFileType = sourcecode.c.h; path = Action.h; sourceTree = "<group>"; };
		D5DCB1AB0CA071B6005C1355 /* LusionUnitTest.cptest */ = {isa = PBXFileReference; explicitFileType = wrapper.cfbundle; includeInIndex = 0; path = LusionUnitTest.cptest; sourceTree = BUILT_PRODUCTS_DIR; };
		D5DCB1AC0CA071B6005C1355 /* LusionUnitTest-Info.plist */ = {isa = PBXFileReference; lastKnownFileType = text.xml; path = "LusionUnitTest-Info.plist"; sourceTree = "<group>"; };
		D5DCB1B30CA074D8005C1355 /* Vector2Tests.h */ = {isa = PBXFileReference; fileEncoding = 4; lastKnownFileType = sourcecode.c.h; name = Vector2Tests.h; path = UnitTest/Vector2Tests.h; sourceTree = "<group>"; };
		D5DCB1B40CA074D8005C1355 /* Vector2Tests.cpp */ = {isa = PBXFileReference; fileEncoding = 4; lastKnownFileType = sourcecode.cpp.cpp; name = Vector2Tests.cpp; path = UnitTest/Vector2Tests.cpp; sourceTree = "<group>"; };
		D5DCB21E0CA1B481005C1355 /* CircleTests.h */ = {isa = PBXFileReference; fileEncoding = 4; lastKnownFileType = sourcecode.c.h; name = CircleTests.h; path = UnitTest/CircleTests.h; sourceTree = "<group>"; };
		D5DCB21F0CA1B481005C1355 /* CircleTests.cpp */ = {isa = PBXFileReference; fileEncoding = 4; lastKnownFileType = sourcecode.cpp.cpp; name = CircleTests.cpp; path = UnitTest/CircleTests.cpp; sourceTree = "<group>"; };
		D5DCB2210CA1B49C005C1355 /* Segment2Tests.h */ = {isa = PBXFileReference; fileEncoding = 4; lastKnownFileType = sourcecode.c.h; name = Segment2Tests.h; path = UnitTest/Segment2Tests.h; sourceTree = "<group>"; };
		D5DCB2220CA1B49C005C1355 /* Segment2Tests.cpp */ = {isa = PBXFileReference; fileEncoding = 4; lastKnownFileType = sourcecode.cpp.cpp; name = Segment2Tests.cpp; path = UnitTest/Segment2Tests.cpp; sourceTree = "<group>"; };
		D5DCB2240CA1B4BD005C1355 /* Rect2Tests.h */ = {isa = PBXFileReference; fileEncoding = 4; lastKnownFileType = sourcecode.c.h; name = Rect2Tests.h; path = UnitTest/Rect2Tests.h; sourceTree = "<group>"; };
		D5DCB2250CA1B4BD005C1355 /* Rect2Tests.cpp */ = {isa = PBXFileReference; fileEncoding = 4; lastKnownFileType = sourcecode.cpp.cpp; name = Rect2Tests.cpp; path = UnitTest/Rect2Tests.cpp; sourceTree = "<group>"; };
		D5DCB2270CA1B4DB005C1355 /* Ray2Tests.h */ = {isa = PBXFileReference; fileEncoding = 4; lastKnownFileType = sourcecode.c.h; name = Ray2Tests.h; path = UnitTest/Ray2Tests.h; sourceTree = "<group>"; };
		D5DCB2280CA1B4DB005C1355 /* Ray2Tests.cpp */ = {isa = PBXFileReference; fileEncoding = 4; lastKnownFileType = sourcecode.cpp.cpp; name = Ray2Tests.cpp; path = UnitTest/Ray2Tests.cpp; sourceTree = "<group>"; };
		D5E5478A0CBC367500D16BE5 /* CircleShape.cpp */ = {isa = PBXFileReference; fileEncoding = 30; lastKnownFileType = sourcecode.cpp.cpp; path = CircleShape.cpp; sourceTree = "<group>"; };
		D5E5478B0CBC367500D16BE5 /* CircleShape.h */ = {isa = PBXFileReference; fileEncoding = 30; lastKnownFileType = sourcecode.c.h; path = CircleShape.h; sourceTree = "<group>"; };
		D5E5478C0CBC367500D16BE5 /* RectShape2.cpp */ = {isa = PBXFileReference; fileEncoding = 30; lastKnownFileType = sourcecode.cpp.cpp; path = RectShape2.cpp; sourceTree = "<group>"; };
		D5E5478D0CBC367500D16BE5 /* RectShape2.h */ = {isa = PBXFileReference; fileEncoding = 30; lastKnownFileType = sourcecode.c.h; path = RectShape2.h; sourceTree = "<group>"; };
		D5E5478E0CBC367500D16BE5 /* SegmentShape2.cpp */ = {isa = PBXFileReference; fileEncoding = 30; lastKnownFileType = sourcecode.cpp.cpp; path = SegmentShape2.cpp; sourceTree = "<group>"; };
		D5E5478F0CBC367500D16BE5 /* SegmentShape2.h */ = {isa = PBXFileReference; fileEncoding = 30; lastKnownFileType = sourcecode.c.h; path = SegmentShape2.h; sourceTree = "<group>"; };
		D5E7BA0E0B71570B002E3AE8 /* Group.cpp */ = {isa = PBXFileReference; fileEncoding = 30; lastKnownFileType = sourcecode.cpp.cpp; path = Group.cpp; sourceTree = "<group>"; };
		D5E7BA0F0B71570B002E3AE8 /* Group.h */ = {isa = PBXFileReference; fileEncoding = 30; lastKnownFileType = sourcecode.c.h; path = Group.h; sourceTree = "<group>"; };
		D5E7BA100B71570B002E3AE8 /* ImageView.cpp */ = {isa = PBXFileReference; fileEncoding = 30; lastKnownFileType = sourcecode.cpp.cpp; path = ImageView.cpp; sourceTree = "<group>"; };
		D5E7BA110B71570B002E3AE8 /* ImageView.h */ = {isa = PBXFileReference; fileEncoding = 30; lastKnownFileType = sourcecode.c.h; path = ImageView.h; sourceTree = "<group>"; };
		D5E7BA120B71570B002E3AE8 /* PolygonView.cpp */ = {isa = PBXFileReference; fileEncoding = 30; lastKnownFileType = sourcecode.cpp.cpp; path = PolygonView.cpp; sourceTree = "<group>"; };
		D5E7BA130B71570B002E3AE8 /* PolygonView.h */ = {isa = PBXFileReference; fileEncoding = 30; lastKnownFileType = sourcecode.c.h; path = PolygonView.h; sourceTree = "<group>"; };
		D5E7BA140B71570B002E3AE8 /* Sprite.cpp */ = {isa = PBXFileReference; fileEncoding = 30; lastKnownFileType = sourcecode.cpp.cpp; path = Sprite.cpp; sourceTree = "<group>"; };
		D5E7BA150B71570B002E3AE8 /* Sprite.h */ = {isa = PBXFileReference; fileEncoding = 30; lastKnownFileType = sourcecode.c.h; path = Sprite.h; sourceTree = "<group>"; };
		D5E7BA160B71570B002E3AE8 /* View.cpp */ = {isa = PBXFileReference; fileEncoding = 30; lastKnownFileType = sourcecode.cpp.cpp; path = View.cpp; sourceTree = "<group>"; };
		D5E7BA170B71570B002E3AE8 /* View.h */ = {isa = PBXFileReference; fileEncoding = 30; lastKnownFileType = sourcecode.c.h; path = View.h; sourceTree = "<group>"; };
		D5E7BA3B0B715761002E3AE8 /* Types.h */ = {isa = PBXFileReference; fileEncoding = 30; lastKnownFileType = sourcecode.c.h; path = Types.h; sourceTree = "<group>"; };
		D5E7BA3D0B715761002E3AE8 /* Algorithms.cpp */ = {isa = PBXFileReference; fileEncoding = 30; lastKnownFileType = sourcecode.cpp.cpp; path = Algorithms.cpp; sourceTree = "<group>"; };
		D5E7BA3E0B715761002E3AE8 /* Algorithms.h */ = {isa = PBXFileReference; fileEncoding = 30; lastKnownFileType = sourcecode.c.h; path = Algorithms.h; sourceTree = "<group>"; };
		D5E7BA3F0B715761002E3AE8 /* PolygonUtils.cpp */ = {isa = PBXFileReference; fileEncoding = 30; lastKnownFileType = sourcecode.cpp.cpp; path = PolygonUtils.cpp; sourceTree = "<group>"; };
		D5E7BA400B715761002E3AE8 /* PolygonUtils.h */ = {isa = PBXFileReference; fileEncoding = 30; lastKnownFileType = sourcecode.c.h; path = PolygonUtils.h; sourceTree = "<group>"; };
		D5FB6BBE0B52AA0A000F36A5 /* SDL_image.framework */ = {isa = PBXFileReference; lastKnownFileType = wrapper.framework; name = SDL_image.framework; path = /Library/Frameworks/SDL_image.framework; sourceTree = "<absolute>"; };
/* End PBXFileReference section */

/* Begin PBXFrameworksBuildPhase section */
		8D11072E0486CEB800E47090 /* Frameworks */ = {
			isa = PBXFrameworksBuildPhase;
			buildActionMask = 2147483647;
			files = (
				002F39FA09D0881F00EBEB88 /* SDL.framework in Frameworks */,
				002F3C6109D0951E00EBEB88 /* GLUT.framework in Frameworks */,
				8D11072F0486CEB800E47090 /* Cocoa.framework in Frameworks */,
				002F3C0109D093BD00EBEB88 /* OpenGL.framework in Frameworks */,
				D5C18F280B4B611A0079286F /* liblua.a in Frameworks */,
				D5C410240B4DECAB00735BD0 /* libCGAL.a in Frameworks */,
				D5FB6BBF0B52AA0A000F36A5 /* SDL_image.framework in Frameworks */,
			);
			runOnlyForDeploymentPostprocessing = 0;
		};
		D5DCB1A80CA071B6005C1355 /* Frameworks */ = {
			isa = PBXFrameworksBuildPhase;
			buildActionMask = 2147483647;
			files = (
			);
			runOnlyForDeploymentPostprocessing = 0;
		};
/* End PBXFrameworksBuildPhase section */

/* Begin PBXGroup section */
		080E96DDFE201D6D7F000001 /* Classes */ = {
			isa = PBXGroup;
			children = (
				002F3A2B09D0888800EBEB88 /* SDLMain.h */,
				002F3A2C09D0888800EBEB88 /* SDLMain.m */,
			);
			name = Classes;
			sourceTree = "<group>";
		};
		1058C7A0FEA54F0111CA2CBB /* Linked Frameworks */ = {
			isa = PBXGroup;
			children = (
				002F39F909D0881F00EBEB88 /* SDL.framework */,
				002F3C6009D0951E00EBEB88 /* GLUT.framework */,
				1058C7A1FEA54F0111CA2CBB /* Cocoa.framework */,
				002F3C0009D093BD00EBEB88 /* OpenGL.framework */,
			);
			name = "Linked Frameworks";
			sourceTree = "<group>";
		};
		1058C7A2FEA54F0111CA2CBB /* Other Frameworks */ = {
			isa = PBXGroup;
			children = (
				29B97324FDCFA39411CA2CEA /* AppKit.framework */,
				29B97325FDCFA39411CA2CEA /* Foundation.framework */,
			);
			name = "Other Frameworks";
			sourceTree = "<group>";
		};
		19C28FACFE9D520D11CA2CBB /* Products */ = {
			isa = PBXGroup;
			children = (
				8D1107320486CEB800E47090 /* LusionEngine.app */,
				D5DCB1AB0CA071B6005C1355 /* LusionUnitTest.cptest */,
			);
			name = Products;
			sourceTree = "<group>";
		};
		29B97314FDCFA39411CA2CEA /* LusionEngine */ = {
			isa = PBXGroup;
			children = (
				D5DCB19D0CA06E79005C1355 /* UnitTest */,
				D593C6AB0BDFD813005A9123 /* Core */,
				D5E7BB150B729272002E3AE8 /* Geometry */,
				D5E7BA3C0B715761002E3AE8 /* Utils */,
				D5E7BA240B71572A002E3AE8 /* Lua */,
				D5E7BA0D0B71570B002E3AE8 /* Base */,
				D5C410230B4DECAB00735BD0 /* libCGAL.a */,
				080E96DDFE201D6D7F000001 /* Classes */,
				29B97315FDCFA39411CA2CEA /* Other Sources */,
				29B97317FDCFA39411CA2CEA /* Resources */,
				29B97323FDCFA39411CA2CEA /* Frameworks */,
				19C28FACFE9D520D11CA2CBB /* Products */,
				D58B9F2A0B380C9B00B3EE64 /* main.cpp */,
				D58B9F2F0B380CF500B3EE64 /* Engine.h */,
				D58B9F300B380CF500B3EE64 /* Engine.cpp */,
				D5E7BA3B0B715761002E3AE8 /* Types.h */,
				D5DCB1AC0CA071B6005C1355 /* LusionUnitTest-Info.plist */,
				D5CAD4C60CE66D96002828D0 /* Timing.h */,
				D5CAD4C70CE66D96002828D0 /* Timing.cpp */,
			);
			name = LusionEngine;
			sourceTree = "<group>";
		};
		29B97315FDCFA39411CA2CEA /* Other Sources */ = {
			isa = PBXGroup;
			children = (
				32CA4F630368D1EE00C91783 /* LusionEngine_Prefix.pch */,
			);
			name = "Other Sources";
			sourceTree = "<group>";
		};
		29B97317FDCFA39411CA2CEA /* Resources */ = {
			isa = PBXGroup;
			children = (
				8D1107310486CEB800E47090 /* Info.plist */,
				089C165CFE840E0CC02AAC07 /* InfoPlist.strings */,
			);
			name = Resources;
			sourceTree = "<group>";
		};
		29B97323FDCFA39411CA2CEA /* Frameworks */ = {
			isa = PBXGroup;
			children = (
				D5FB6BBE0B52AA0A000F36A5 /* SDL_image.framework */,
				D5C18F270B4B611A0079286F /* liblua.a */,
				1058C7A0FEA54F0111CA2CBB /* Linked Frameworks */,
				1058C7A2FEA54F0111CA2CBB /* Other Frameworks */,
			);
			name = Frameworks;
			sourceTree = "<group>";
		};
		D593C6AB0BDFD813005A9123 /* Core */ = {
			isa = PBXGroup;
			children = (
				D542DF4C0CB41AE000AABC11 /* AutoreleasePool.cpp */,
				D542DF4D0CB41AE000AABC11 /* AutoreleasePool.hpp */,
				D542DF4E0CB41AE000AABC11 /* Core.h */,
				D542DF4F0CB41AE000AABC11 /* SharedObject.cpp */,
				D542DF500CB41AE000AABC11 /* SharedObject.hpp */,
			);
			name = Core;
			sourceTree = "<group>";
		};
		D5BD17970BBD62D300BA3313 /* Base */ = {
			isa = PBXGroup;
			children = (
				D54618490CC541E300505BE3 /* LuaShape.cpp */,
				D546184A0CC541E300505BE3 /* LuaShape.h */,
				D5BD179A0BBD62D300BA3313 /* LuaSprite.cpp */,
				D5BD179B0BBD62D300BA3313 /* LuaSprite.h */,
				D5BD179C0BBD62D300BA3313 /* LuaView.cpp */,
				D5BD179D0BBD62D300BA3313 /* LuaView.h */,
			);
			path = Base;
			sourceTree = "<group>";
		};
		D5BD17A40BBD62E500BA3313 /* Geometry */ = {
			isa = PBXGroup;
			children = (
				D593A2780CA8546D00432061 /* LuaCircle.cpp */,
				D593A2790CA8546D00432061 /* LuaCircle.h */,
				D5BD17E00BBD64F500BA3313 /* LuaMatrix2.cpp */,
				D5BD17E10BBD64F500BA3313 /* LuaMatrix2.h */,
				D5BD17AA0BBD62E500BA3313 /* LuaGraph2.h */,
				D5BD17AB0BBD62E500BA3313 /* LuaMotionState.cpp */,
				D5BD17AC0BBD62E500BA3313 /* LuaMotionState.h */,
				D5BD17AD0BBD62E500BA3313 /* LuaPaths2.cpp */,
				D5BD17AE0BBD62E500BA3313 /* LuaPaths2.h */,
				D5BD17AF0BBD62E500BA3313 /* LuaRay2.cpp */,
				D5BD17B00BBD62E500BA3313 /* LuaRay2.h */,
				D5BD17B10BBD62E500BA3313 /* LuaRect2.cpp */,
				D5BD17B20BBD62E500BA3313 /* LuaRect2.h */,
				D5BD17B30BBD62E500BA3313 /* LuaSegment2.cpp */,
				D5BD17B40BBD62E500BA3313 /* LuaSegment2.h */,
				D5BD17B50BBD62E500BA3313 /* LuaTrapezoid2.cpp */,
				D5BD17B60BBD62E500BA3313 /* LuaTrapezoid2.h */,
				D5BD17B70BBD62E500BA3313 /* LuaTrapezoidalMap.cpp */,
				D5BD17B80BBD62E500BA3313 /* LuaTrapezoidalMap.h */,
				D5BD17B90BBD62E500BA3313 /* LuaTrapezoidNode2.cpp */,
				D5BD17BA0BBD62E500BA3313 /* LuaTrapezoidNode2.h */,
				D5BD17BB0BBD62E500BA3313 /* LuaVector2.cpp */,
				D5BD17BC0BBD62E500BA3313 /* LuaVector2.h */,
			);
			path = Geometry;
			sourceTree = "<group>";
		};
		D5DCB19D0CA06E79005C1355 /* UnitTest */ = {
			isa = PBXGroup;
			children = (
				D5DCB1B30CA074D8005C1355 /* Vector2Tests.h */,
				D5DCB1B40CA074D8005C1355 /* Vector2Tests.cpp */,
				D5DCB21E0CA1B481005C1355 /* CircleTests.h */,
				D5DCB21F0CA1B481005C1355 /* CircleTests.cpp */,
				D5DCB2210CA1B49C005C1355 /* Segment2Tests.h */,
				D5DCB2220CA1B49C005C1355 /* Segment2Tests.cpp */,
				D5DCB2240CA1B4BD005C1355 /* Rect2Tests.h */,
				D5DCB2250CA1B4BD005C1355 /* Rect2Tests.cpp */,
				D5DCB2270CA1B4DB005C1355 /* Ray2Tests.h */,
				D5DCB2280CA1B4DB005C1355 /* Ray2Tests.cpp */,
				D5D7F4020CE3A0A900A149A3 /* IteratorTests.h */,
				D5D7F4030CE3A0A900A149A3 /* IteratorTests.cpp */,
				D55AC34E0CE640DA00983871 /* ShapeTests.h */,
				D55AC34F0CE640DA00983871 /* ShapeTests.cpp */,
				D5CAD54B0CE716D3002828D0 /* SpriteTests.h */,
				D5CAD54C0CE716D3002828D0 /* SpriteTests.cpp */,
				D5CAD5810CE73A34002828D0 /* MockView.h */,
				D5CAD5820CE73A34002828D0 /* MockView.cpp */,
			);
			name = UnitTest;
			sourceTree = "<group>";
		};
		D5E7BA0D0B71570B002E3AE8 /* Base */ = {
			isa = PBXGroup;
			children = (
				D58EC2100BB9D57A00E85BAD /* MotionState.cpp */,
				D504E20E0CE5C4490005AA7B /* ShapeIterator.h */,
				D5E5478A0CBC367500D16BE5 /* CircleShape.cpp */,
				D5E5478B0CBC367500D16BE5 /* CircleShape.h */,
				D5E5478C0CBC367500D16BE5 /* RectShape2.cpp */,
				D5E5478D0CBC367500D16BE5 /* RectShape2.h */,
				D5E5478E0CBC367500D16BE5 /* SegmentShape2.cpp */,
				D5E5478F0CBC367500D16BE5 /* SegmentShape2.h */,
				D5DC3D3B0BDF808700430EFB /* ShapeGroup.cpp */,
				D5DC3D3C0BDF808800430EFB /* ShapeGroup.h */,
				D5DC3D3D0BDF808800430EFB /* Shape.cpp */,
				D5DC3D3E0BDF808800430EFB /* Shape.h */,
				D5DC3D3F0BDF808800430EFB /* Action.cpp */,
				D5DC3D400BDF808800430EFB /* Action.h */,
				D58EC2110BB9D57A00E85BAD /* MotionState.h */,
				D52D9FDB0B86697E0011E248 /* PointsView.cpp */,
				D52D9FDC0B86697E0011E248 /* PointsView.h */,
				D5478B140B80A57900108909 /* TrapezoidView.cpp */,
				D5478B150B80A57900108909 /* TrapezoidView.h */,
				D56E8F580B7E08A800ABD8A3 /* SegmentView.cpp */,
				D56E8F590B7E08A800ABD8A3 /* SegmentView.h */,
				D5E7BA0E0B71570B002E3AE8 /* Group.cpp */,
				D5E7BA0F0B71570B002E3AE8 /* Group.h */,
				D5E7BA100B71570B002E3AE8 /* ImageView.cpp */,
				D5E7BA110B71570B002E3AE8 /* ImageView.h */,
				D5E7BA120B71570B002E3AE8 /* PolygonView.cpp */,
				D5E7BA130B71570B002E3AE8 /* PolygonView.h */,
				D5E7BA140B71570B002E3AE8 /* Sprite.cpp */,
				D5E7BA150B71570B002E3AE8 /* Sprite.h */,
				D5E7BA160B71570B002E3AE8 /* View.cpp */,
				D5E7BA170B71570B002E3AE8 /* View.h */,
				D5850A090D10978F0058EFF1 /* ShapeListener.h */,
				D5850A0A0D10978F0058EFF1 /* ShapeListener.cpp */,
			);
			path = Base;
			sourceTree = "<group>";
		};
		D5E7BA240B71572A002E3AE8 /* Lua */ = {
			isa = PBXGroup;
			children = (
				D5BD17A40BBD62E500BA3313 /* Geometry */,
				D5BD17970BBD62D300BA3313 /* Base */,
				D5BD178F0BBD62C700BA3313 /* LuaEngine.cpp */,
				D5BD17900BBD62C700BA3313 /* LuaEngine.h */,
				D5BD17910BBD62C700BA3313 /* LuaUtils.cpp */,
				D5BD17920BBD62C700BA3313 /* LuaUtils.h */,
			);
			path = Lua;
			sourceTree = "<group>";
		};
		D5E7BA3C0B715761002E3AE8 /* Utils */ = {
			isa = PBXGroup;
			children = (
				D56E8EC70CDC69EC00260EC2 /* Iterator.cpp */,
				D56E8EC80CDC69EC00260EC2 /* Iterator.h */,
				D5E7BA3D0B715761002E3AE8 /* Algorithms.cpp */,
				D5E7BA3E0B715761002E3AE8 /* Algorithms.h */,
				D5E7BA3F0B715761002E3AE8 /* PolygonUtils.cpp */,
				D5E7BA400B715761002E3AE8 /* PolygonUtils.h */,
				D5D7F3BA0CE26B4C00A149A3 /* Exception.h */,
				D5D7F3BB0CE26B4C00A149A3 /* Exception.cpp */,
				D55AC35E0CE6428A00983871 /* GLUtils.h */,
				D55AC35F0CE6428A00983871 /* GLUtils.cpp */,
			);
			path = Utils;
			sourceTree = "<group>";
		};
		D5E7BB150B729272002E3AE8 /* Geometry */ = {
			isa = PBXGroup;
			children = (
				D542DF560CB41AF500AABC11 /* Circle.cpp */,
				D542DF570CB41AF500AABC11 /* Circle.hpp */,
				D542DF5A0CB41AF500AABC11 /* IO.cpp */,
				D542DF5B0CB41AF500AABC11 /* IO.hpp */,
				D542DF5C0CB41AF500AABC11 /* Matrix2.cpp */,
				D542DF5D0CB41AF500AABC11 /* Matrix2.hpp */,
				D542DF600CB41AF500AABC11 /* QuadNode.cpp */,
				D542DF610CB41AF500AABC11 /* QuadNode.h */,
				D542DF620CB41AF500AABC11 /* Ray2.cpp */,
				D542DF630CB41AF500AABC11 /* Ray2.hpp */,
				D542DF640CB41AF500AABC11 /* Rect2.cpp */,
				D542DF650CB41AF500AABC11 /* Rect2.hpp */,
				D542DF660CB41AF500AABC11 /* Segment2.cpp */,
				D542DF670CB41AF500AABC11 /* Segment2.hpp */,
				D542DF680CB41AF500AABC11 /* Trapezoid2.cpp */,
				D542DF690CB41AF500AABC11 /* Trapezoid2.hpp */,
				D542DF6A0CB41AF500AABC11 /* TrapezoidalMap2.cpp */,
				D542DF6B0CB41AF500AABC11 /* TrapezoidalMap2.hpp */,
				D542DF6C0CB41AF500AABC11 /* TrapezoidNode2.cpp */,
				D542DF6D0CB41AF500AABC11 /* TrapezoidNode2.hpp */,
				D542DF6E0CB41AF500AABC11 /* Vector2.cpp */,
				D542DF6F0CB41AF500AABC11 /* Vector2.hpp */,
			);
			name = Geometry;
			sourceTree = "<group>";
		};
/* End PBXGroup section */

/* Begin PBXNativeTarget section */
		8D1107260486CEB800E47090 /* LusionEngine */ = {
			isa = PBXNativeTarget;
			buildConfigurationList = C01FCF4A08A954540054247B /* Build configuration list for PBXNativeTarget "LusionEngine" */;
			buildPhases = (
				8D1107290486CEB800E47090 /* Resources */,
				8D11072C0486CEB800E47090 /* Sources */,
				8D11072E0486CEB800E47090 /* Frameworks */,
				002F39FD09D0883400EBEB88 /* Copy Frameworks into .app bundle */,
			);
			buildRules = (
			);
			dependencies = (
			);
			name = LusionEngine;
			productInstallPath = "$(HOME)/Applications";
			productName = LusionEngine;
			productReference = 8D1107320486CEB800E47090 /* LusionEngine.app */;
			productType = "com.apple.product-type.application";
		};
		D5DCB1AA0CA071B6005C1355 /* LusionUnitTest */ = {
			isa = PBXNativeTarget;
			buildConfigurationList = D5DCB1AD0CA071B6005C1355 /* Build configuration list for PBXNativeTarget "LusionUnitTest" */;
			buildPhases = (
				D5DCB1A60CA071B6005C1355 /* Resources */,
				D5DCB1A70CA071B6005C1355 /* Sources */,
				D5DCB1A80CA071B6005C1355 /* Frameworks */,
				D5DCB1A90CA071B6005C1355 /* ShellScript */,
			);
			buildRules = (
			);
			dependencies = (
			);
			name = LusionUnitTest;
			productName = LusionUnitTest;
			productReference = D5DCB1AB0CA071B6005C1355 /* LusionUnitTest.cptest */;
			productType = "com.apple.product-type.bundle";
		};
/* End PBXNativeTarget section */

/* Begin PBXProject section */
		29B97313FDCFA39411CA2CEA /* Project object */ = {
			isa = PBXProject;
			buildConfigurationList = C01FCF4E08A954540054247B /* Build configuration list for PBXProject "LusionEngine" */;
			compatibilityVersion = "Xcode 2.4";
			hasScannedForEncodings = 1;
			mainGroup = 29B97314FDCFA39411CA2CEA /* LusionEngine */;
			projectDirPath = "";
			projectRoot = "";
			targets = (
				8D1107260486CEB800E47090 /* LusionEngine */,
				D5DCB1AA0CA071B6005C1355 /* LusionUnitTest */,
			);
		};
/* End PBXProject section */

/* Begin PBXResourcesBuildPhase section */
		8D1107290486CEB800E47090 /* Resources */ = {
			isa = PBXResourcesBuildPhase;
			buildActionMask = 2147483647;
			files = (
				8D11072B0486CEB800E47090 /* InfoPlist.strings in Resources */,
			);
			runOnlyForDeploymentPostprocessing = 0;
		};
		D5DCB1A60CA071B6005C1355 /* Resources */ = {
			isa = PBXResourcesBuildPhase;
			buildActionMask = 2147483647;
			files = (
			);
			runOnlyForDeploymentPostprocessing = 0;
		};
/* End PBXResourcesBuildPhase section */

/* Begin PBXShellScriptBuildPhase section */
		D5DCB1A90CA071B6005C1355 /* ShellScript */ = {
			isa = PBXShellScriptBuildPhase;
			buildActionMask = 2147483647;
			files = (
			);
			inputPaths = (
			);
			outputPaths = (
			);
			runOnlyForDeploymentPostprocessing = 0;
			shellPath = /bin/sh;
			shellScript = "# Run the unit tests in this test bundle.\n\"${SYSTEM_DEVELOPER_DIR}/Tools/RunUnitTests\"\n";
		};
/* End PBXShellScriptBuildPhase section */

/* Begin PBXSourcesBuildPhase section */
		8D11072C0486CEB800E47090 /* Sources */ = {
			isa = PBXSourcesBuildPhase;
			buildActionMask = 2147483647;
			files = (
				002F3A2E09D0888800EBEB88 /* SDLMain.m in Sources */,
				D58B9F2C0B380C9B00B3EE64 /* main.cpp in Sources */,
				D58B9F320B380CF500B3EE64 /* Engine.cpp in Sources */,
				D5E7BA180B71570B002E3AE8 /* Group.cpp in Sources */,
				D5E7BA1A0B71570B002E3AE8 /* ImageView.cpp in Sources */,
				D5E7BA1C0B71570B002E3AE8 /* PolygonView.cpp in Sources */,
				D5E7BA1E0B71570B002E3AE8 /* Sprite.cpp in Sources */,
				D5E7BA200B71570B002E3AE8 /* View.cpp in Sources */,
				D5E7BA420B715761002E3AE8 /* Algorithms.cpp in Sources */,
				D5E7BA440B715761002E3AE8 /* PolygonUtils.cpp in Sources */,
				D56E8F5A0B7E08A800ABD8A3 /* SegmentView.cpp in Sources */,
				D5478B160B80A57900108909 /* TrapezoidView.cpp in Sources */,
				D52D9FDD0B86697E0011E248 /* PointsView.cpp in Sources */,
				D58EC2120BB9D57A00E85BAD /* MotionState.cpp in Sources */,
				D5BD17930BBD62C700BA3313 /* LuaEngine.cpp in Sources */,
				D5BD17950BBD62C700BA3313 /* LuaUtils.cpp in Sources */,
				D5BD17A00BBD62D300BA3313 /* LuaSprite.cpp in Sources */,
				D5BD17A20BBD62D300BA3313 /* LuaView.cpp in Sources */,
				D5BD17C30BBD62E500BA3313 /* LuaMotionState.cpp in Sources */,
				D5BD17C50BBD62E500BA3313 /* LuaPaths2.cpp in Sources */,
				D5BD17C70BBD62E500BA3313 /* LuaRay2.cpp in Sources */,
				D5BD17C90BBD62E500BA3313 /* LuaRect2.cpp in Sources */,
				D5BD17CB0BBD62E500BA3313 /* LuaSegment2.cpp in Sources */,
				D5BD17CD0BBD62E500BA3313 /* LuaTrapezoid2.cpp in Sources */,
				D5BD17CF0BBD62E500BA3313 /* LuaTrapezoidalMap.cpp in Sources */,
				D5BD17D10BBD62E500BA3313 /* LuaTrapezoidNode2.cpp in Sources */,
				D5BD17D30BBD62E500BA3313 /* LuaVector2.cpp in Sources */,
				D5BD17E20BBD64F500BA3313 /* LuaMatrix2.cpp in Sources */,
				D5DC3D410BDF808800430EFB /* ShapeGroup.cpp in Sources */,
				D5DC3D430BDF808800430EFB /* Shape.cpp in Sources */,
				D5DC3D450BDF808800430EFB /* Action.cpp in Sources */,
				D593A27D0CA854BC00432061 /* LuaCircle.cpp in Sources */,
				D542DF510CB41AE000AABC11 /* AutoreleasePool.cpp in Sources */,
				D542DF540CB41AE000AABC11 /* SharedObject.cpp in Sources */,
				D542DF700CB41AF500AABC11 /* Circle.cpp in Sources */,
				D542DF740CB41AF500AABC11 /* IO.cpp in Sources */,
				D542DF760CB41AF500AABC11 /* Matrix2.cpp in Sources */,
				D542DF7A0CB41AF500AABC11 /* QuadNode.cpp in Sources */,
				D542DF7C0CB41AF500AABC11 /* Ray2.cpp in Sources */,
				D542DF7E0CB41AF500AABC11 /* Rect2.cpp in Sources */,
				D542DF800CB41AF500AABC11 /* Segment2.cpp in Sources */,
				D542DF820CB41AF500AABC11 /* Trapezoid2.cpp in Sources */,
				D542DF840CB41AF500AABC11 /* TrapezoidalMap2.cpp in Sources */,
				D542DF860CB41AF500AABC11 /* TrapezoidNode2.cpp in Sources */,
				D542DF880CB41AF500AABC11 /* Vector2.cpp in Sources */,
				D5E547900CBC367500D16BE5 /* CircleShape.cpp in Sources */,
				D5E547920CBC367500D16BE5 /* RectShape2.cpp in Sources */,
				D5E547940CBC367500D16BE5 /* SegmentShape2.cpp in Sources */,
				D546184B0CC541E300505BE3 /* LuaShape.cpp in Sources */,
				D56E8EC90CDC69EC00260EC2 /* Iterator.cpp in Sources */,
				D5D7F3BD0CE26B4C00A149A3 /* Exception.cpp in Sources */,
				D55AC3600CE6428A00983871 /* GLUtils.cpp in Sources */,
				D5CAD4C80CE66D96002828D0 /* Timing.cpp in Sources */,
				D5850A0B0D10978F0058EFF1 /* ShapeListener.cpp in Sources */,
			);
			runOnlyForDeploymentPostprocessing = 0;
		};
		D5DCB1A70CA071B6005C1355 /* Sources */ = {
			isa = PBXSourcesBuildPhase;
			buildActionMask = 2147483647;
			files = (
				D5A60D8C0D1B09AF00C4E79E /* ShapeListener.cpp in Sources */,
				D5CAD7980CEBAD70002828D0 /* ShapeGroup.cpp in Sources */,
				D5CAD5780CE71F19002828D0 /* View.cpp in Sources */,
				D5CAD56D0CE718AF002828D0 /* Timing.cpp in Sources */,
				D5CAD5690CE7188D002828D0 /* Group.cpp in Sources */,
				D5CAD5650CE71870002828D0 /* MotionState.cpp in Sources */,
				D5CAD5520CE71786002828D0 /* Sprite.cpp in Sources */,
				D55AC3A90CE646C100983871 /* PolygonUtils.cpp in Sources */,
				D55AC3A70CE646A400983871 /* Shape.cpp in Sources */,
				D55AC3940CE644CF00983871 /* CircleShape.cpp in Sources */,
				D55AC3950CE644CF00983871 /* RectShape2.cpp in Sources */,
				D55AC3960CE644CF00983871 /* SegmentShape2.cpp in Sources */,
				D5D7F50E0CE4F73700A149A3 /* Exception.cpp in Sources */,
				D5D7F4230CE3A1BF00A149A3 /* Algorithms.cpp in Sources */,
				D5D7F4220CE3A1BB00A149A3 /* Iterator.cpp in Sources */,
				D5D7F4210CE3A1B000A149A3 /* SharedObject.cpp in Sources */,
				D5D7F4200CE3A1AB00A149A3 /* AutoreleasePool.cpp in Sources */,
				D5CA4D900CB43125006261D6 /* Circle.cpp in Sources */,
				D5CA4D940CB43125006261D6 /* IO.cpp in Sources */,
				D5CA4D960CB43125006261D6 /* Matrix2.cpp in Sources */,
				D5CA4D980CB43125006261D6 /* QuadNode.cpp in Sources */,
				D5CA4D9A0CB43125006261D6 /* Ray2.cpp in Sources */,
				D5CA4D9C0CB43125006261D6 /* Rect2.cpp in Sources */,
				D5CA4D9E0CB43125006261D6 /* Segment2.cpp in Sources */,
				D5CA4DA00CB43125006261D6 /* Trapezoid2.cpp in Sources */,
				D5CA4DA20CB43125006261D6 /* TrapezoidalMap2.cpp in Sources */,
				D5CA4DA40CB43125006261D6 /* TrapezoidNode2.cpp in Sources */,
				D5CA4DA60CB43125006261D6 /* Vector2.cpp in Sources */,
				D5DCB3160CA1BBDB005C1355 /* Vector2Tests.cpp in Sources */,
				D5DCB3170CA1BBDB005C1355 /* CircleTests.cpp in Sources */,
				D5DCB3180CA1BBDB005C1355 /* Segment2Tests.cpp in Sources */,
				D5DCB3190CA1BBDB005C1355 /* Rect2Tests.cpp in Sources */,
				D5DCB31A0CA1BBDB005C1355 /* Ray2Tests.cpp in Sources */,
				D5D7F4040CE3A0A900A149A3 /* IteratorTests.cpp in Sources */,
				D55AC3500CE640DA00983871 /* ShapeTests.cpp in Sources */,
				D5CAD54D0CE716D3002828D0 /* SpriteTests.cpp in Sources */,
				D5CAD5830CE73A34002828D0 /* MockView.cpp in Sources */,
			);
			runOnlyForDeploymentPostprocessing = 0;
		};
/* End PBXSourcesBuildPhase section */

/* Begin PBXVariantGroup section */
		089C165CFE840E0CC02AAC07 /* InfoPlist.strings */ = {
			isa = PBXVariantGroup;
			children = (
				089C165DFE840E0CC02AAC07 /* English */,
			);
			name = InfoPlist.strings;
			sourceTree = "<group>";
		};
/* End PBXVariantGroup section */

/* Begin XCBuildConfiguration section */
		C01FCF4B08A954540054247B /* Debug */ = {
			isa = XCBuildConfiguration;
			buildSettings = {
				COPY_PHASE_STRIP = NO;
				GCC_DYNAMIC_NO_PIC = NO;
				GCC_ENABLE_FIX_AND_CONTINUE = YES;
				GCC_MODEL_TUNING = G5;
				GCC_OPTIMIZATION_LEVEL = 0;
				INFOPLIST_FILE = Info.plist;
				INSTALL_PATH = "$(HOME)/Applications";
				LIBRARY_SEARCH_PATHS = (
					"$(LIBRARY_SEARCH_PATHS)",
					"$(SRCROOT)",
				);
				PRODUCT_NAME = LusionEngine;
				WRAPPER_EXTENSION = app;
				ZERO_LINK = YES;
			};
			name = Debug;
		};
		C01FCF4C08A954540054247B /* Release */ = {
			isa = XCBuildConfiguration;
			buildSettings = {
				ARCHS = (
					ppc,
					i386,
				);
				GCC_GENERATE_DEBUGGING_SYMBOLS = NO;
				GCC_MODEL_TUNING = G5;
				INFOPLIST_FILE = Info.plist;
				INSTALL_PATH = "$(HOME)/Applications";
				LIBRARY_SEARCH_PATHS = (
					"$(LIBRARY_SEARCH_PATHS)",
					"$(SRCROOT)",
				);
				PRODUCT_NAME = LusionEngine;
				WRAPPER_EXTENSION = app;
			};
			name = Release;
		};
		C01FCF4F08A954540054247B /* Debug */ = {
			isa = XCBuildConfiguration;
			buildSettings = {
				DEBUG_INFORMATION_FORMAT = dwarf;
				FRAMEWORK_SEARCH_PATHS = (
					"$(HOME)/Library/Frameworks",
					/Library/Frameworks,
					"$(FRAMEWORK_SEARCH_PATHS)",
				);
				GCC_OPTIMIZATION_LEVEL = 0;
				GCC_WARN_ABOUT_RETURN_TYPE = YES;
				GCC_WARN_UNUSED_VARIABLE = YES;
				HEADER_SEARCH_PATHS = (
					"$(HOME)/Library/Frameworks/SDL.framework/Headers",
					/Library/Frameworks/SDL.framework/Headers,
					"$(HEADER_SEARCH_PATHS)",
					/Library/Frameworks/SDL_image.framework/Headers,
				);
				LIBRARY_SEARCH_PATHS = "/Users/Shared/CGAL-3.2.1/lib/i386_Darwin-8.8_g++-4.0.1";
				PREBINDING = NO;
				SDKROOT = /Developer/SDKs/MacOSX10.4u.sdk;
				USER_HEADER_SEARCH_PATHS = ". /usr/local/include /usr/local/include/boost-1_33_1 /Users/Shared/CGAL-3.2.1/include";
			};
			name = Debug;
		};
		C01FCF5008A954540054247B /* Release */ = {
			isa = XCBuildConfiguration;
			buildSettings = {
				ARCHS = i386;
				DEBUG_INFORMATION_FORMAT = dwarf;
				FRAMEWORK_SEARCH_PATHS = (
					"$(HOME)/Library/Frameworks",
					/Library/Frameworks,
					"$(FRAMEWORK_SEARCH_PATHS)",
				);
				GCC_WARN_ABOUT_RETURN_TYPE = YES;
				GCC_WARN_UNUSED_VARIABLE = YES;
				HEADER_SEARCH_PATHS = (
					"$(HOME)/Library/Frameworks/SDL.framework/Headers",
					/Library/Frameworks/SDL.framework/Headers,
					"$(HEADER_SEARCH_PATHS)",
					/Library/Frameworks/SDL_image.framework/Headers,
				);
				LIBRARY_SEARCH_PATHS = "/Users/Shared/CGAL-3.2.1/lib/i386_Darwin-8.8_g++-4.0.1";
				PREBINDING = NO;
				SDKROOT = /Developer/SDKs/MacOSX10.4u.sdk;
				USER_HEADER_SEARCH_PATHS = ". /usr/local/include /usr/local/include/boost-1_33_1 /Users/Shared/CGAL-3.2.1/include";
			};
			name = Release;
		};
		D5DCB1AE0CA071B6005C1355 /* Debug */ = {
			isa = XCBuildConfiguration;
			buildSettings = {
				COPY_PHASE_STRIP = NO;
				FRAMEWORK_SEARCH_PATHS = (
					"$(value)",
					"$(DEVELOPER_FRAMEWORKS_DIR_QUOTED)",
				);
				GCC_DYNAMIC_NO_PIC = NO;
				GCC_ENABLE_FIX_AND_CONTINUE = NO;
				GCC_GENERATE_DEBUGGING_SYMBOLS = YES;
				GCC_MODEL_TUNING = G5;
				GCC_OPTIMIZATION_LEVEL = 0;
				GCC_PRECOMPILE_PREFIX_HEADER = YES;
				GCC_PREFIX_HEADER = "$(SYSTEM_LIBRARY_DIR)/Frameworks/Carbon.framework/Headers/Carbon.h";
				INFOPLIST_FILE = "LusionUnitTest-Info.plist";
				INSTALL_PATH = "$(USER_LIBRARY_DIR)/Bundles";
				OTHER_LDFLAGS = (
					"-framework",
					Carbon,
					"-framework",
					CPlusTest,
				);
				PREBINDING = NO;
				PRODUCT_NAME = LusionUnitTest;
				WRAPPER_EXTENSION = cptest;
				ZERO_LINK = NO;
			};
			name = Debug;
		};
		D5DCB1AF0CA071B6005C1355 /* Release */ = {
			isa = XCBuildConfiguration;
			buildSettings = {
				COPY_PHASE_STRIP = YES;
				FRAMEWORK_SEARCH_PATHS = (
					"$(value)",
					"$(DEVELOPER_FRAMEWORKS_DIR_QUOTED)",
				);
				GCC_ENABLE_FIX_AND_CONTINUE = NO;
				GCC_GENERATE_DEBUGGING_SYMBOLS = NO;
				GCC_MODEL_TUNING = G5;
				GCC_PRECOMPILE_PREFIX_HEADER = YES;
				GCC_PREFIX_HEADER = "$(SYSTEM_LIBRARY_DIR)/Frameworks/Carbon.framework/Headers/Carbon.h";
				INFOPLIST_FILE = "LusionUnitTest-Info.plist";
				INSTALL_PATH = "$(USER_LIBRARY_DIR)/Bundles";
				OTHER_LDFLAGS = (
					"-framework",
					Carbon,
					"-framework",
					CPlusTest,
				);
				PREBINDING = NO;
				PRODUCT_NAME = LusionUnitTest;
				WRAPPER_EXTENSION = cptest;
				ZERO_LINK = NO;
			};
			name = Release;
		};
/* End XCBuildConfiguration section */

/* Begin XCConfigurationList section */
		C01FCF4A08A954540054247B /* Build configuration list for PBXNativeTarget "LusionEngine" */ = {
			isa = XCConfigurationList;
			buildConfigurations = (
				C01FCF4B08A954540054247B /* Debug */,
				C01FCF4C08A954540054247B /* Release */,
			);
			defaultConfigurationIsVisible = 0;
			defaultConfigurationName = Release;
		};
		C01FCF4E08A954540054247B /* Build configuration list for PBXProject "LusionEngine" */ = {
			isa = XCConfigurationList;
			buildConfigurations = (
				C01FCF4F08A954540054247B /* Debug */,
				C01FCF5008A954540054247B /* Release */,
			);
			defaultConfigurationIsVisible = 0;
			defaultConfigurationName = Release;
		};
		D5DCB1AD0CA071B6005C1355 /* Build configuration list for PBXNativeTarget "LusionUnitTest" */ = {
			isa = XCConfigurationList;
			buildConfigurations = (
				D5DCB1AE0CA071B6005C1355 /* Debug */,
				D5DCB1AF0CA071B6005C1355 /* Release */,
			);
			defaultConfigurationIsVisible = 0;
			defaultConfigurationName = Release;
		};
/* End XCConfigurationList section */
	};
	rootObject = 29B97313FDCFA39411CA2CEA /* Project object */;
}
